{
  "version": 4,
  "terraform_version": "1.2.5",
  "serial": 140,
  "lineage": "c3e668df-8843-c22a-2410-c4edbadf1116",
  "outputs": {
    "cluster_client_certificate": {
      "value": "LS0tLS1CRUdJTiBDRVJUSUZJQ0FURS0tLS0tCk1JSUZIVENDQXdXZ0F3SUJBZ0lRWWE1YVBIdS9SZEJMQmpselhkVXFZREFOQmdrcWhraUc5dzBCQVFzRkFEQU4KTVFzd0NRWURWUVFERXdKallUQWVGdzB5TWpBM01qRXhOelUyTXpCYUZ3MHlOREEzTWpFeE9EQTJNekJhTURBeApGekFWQmdOVkJBb1REbk41YzNSbGJUcHRZWE4wWlhKek1SVXdFd1lEVlFRREV3eHRZWE4wWlhKamJHbGxiblF3CmdnSWlNQTBHQ1NxR1NJYjNEUUVCQVFVQUE0SUNEd0F3Z2dJS0FvSUNBUURtaTRDdDRzSjdjOWlGVkV5c2hJVGUKdTNqK0FBVy9kc3l1K1JsU2tDZnp1MnNoZm8rSGc5ZGtSRXloM0UvUXA4TU5lcE1MZ0Zqc1NCQU1oU0g1bXd4dgpFMmttSXNJbDdaQXJzOFltdHRrTkVNN2RJVkJIOGtXU0kvRXVPb24yRWpZVlpZV2NWSlJ1Zkh1UTBqTlV4NEU0CkdRcWh6TWU4cGFSUFo4VStYZjlwRW41blg5SWdSWjBJZ3NFWHpqaG1qWlkwcDVNcWNzS3FhdllyOGNwYkRreEwKbEtDaHdWQU5YelNYamFQNmNqUksya2dnZ050bXY1S01BYXV0K1JacS9HekQ2aVY4MW1wRVVraEdiUmhCZmNHdApiNzVzcXlWbXZxbUJScTIxVVBES20zaURIdXFkc01rVnZzN2ZkTUlsQTV2M3JVWjBPNDVlVzROcGpsak9DeWpVCndTSzdlTUt6OElrZmUxUjZXdlZXTTVpbURoZ3BjYk16aW1FQjlUeW1vbXhzaEZHVUEwRHpVU0taZXIvQm10YUcKSnk4QW5raG5MOU1QYXpKN3FWT2g5SFh0NTRTa1VtakhMYmlZYzZOL0FJMDhPWG1YWVh6bmhrZm1NdGptTUduVApYUWx5T2JQbmwrbEpxOTJGVDJDczRaM205S2o2a2FiTlh6b2tDR2JnNENFOXJtZThTN0pwNzF4bTFyWFNGMXBRClUzSWp4UUxOZEhGOGo0OXBtbUFLOXFYZi9TcmkyNTBBYXdieXFjcDF3bmp3ekIwU2pHNmVNVmxnend5bUtGdFMKOVNMVUNFUXd1bVlOeWpxYjVWUkpSZStHcXU2QnJRcGdEbkNWTHBZRUpJVEtFTHlsdGxZTnJDTXNFSi95RCtGaQowS0svM2RXd0NEU1c1ckpFNnYrNVNRSURBUUFCbzFZd1ZEQU9CZ05WSFE4QkFmOEVCQU1DQmFBd0V3WURWUjBsCkJBd3dDZ1lJS3dZQkJRVUhBd0l3REFZRFZSMFRBUUgvQkFJd0FEQWZCZ05WSFNNRUdEQVdnQlJ2Y3RwbXBrMjMKdUo4R2FHbG1sYkxwaW5NUFJ6QU5CZ2txaGtpRzl3MEJBUXNGQUFPQ0FnRUFXZmJuMEV3eHd6ZlVkelV2ZkM0WgpDOXdOSVV4V1NCQjlYeHZacklTODhlemxiSVVNbnRPdnJhSWs2MUtuSFlqVzVhbnZLaG9SaW9Gd3hvQU9RdUNVCi92d2lXbDR2TmVlZS9heDF0Q1V5YWVRN2dFMEttaStUQWRTM0ladWNkdEVieVIrMWNLLzgrQTUzemFvSXo0VXQKNFFjSVBOdWRZL0xQT2tLcGpJWVFMcFZPNlRDYy9qZVFrMkJKaE9IalFqODNTSnczUGxFV3BWR3A2TWlneHlTaQoyeGRFazFtRUxjVEx6WHdKM2RMOTZoUnk1SFhDTnZnUHBIZ3VLV01yQnNnYUdEbi9FR3dROVBuOE9OT0pGNmRBCnF0MENEOC85L200ZVVGMkNvMHBQZzhMRlF6VGtmL2czUC8wbWcvblR1dCt1UG5FQUdrS29ScDc1aHRzNGRuaXEKazJaN21OZ2E5UXU5UEdmaEJUR25qTEgrc1pFbFYzMmVSZldtUm5Jb25hYktQZ3VDTjhucUFQWnQ2enhpdXd0dQpTL1VoYXArZ1BueWp6Y3IwNlVDM1NwcFp1VjJwa3RhdlBrb0F4VU00TlVFTzRsYTVRcjhNZGdEOXNzckkzVklOCkVQcmIrZnNQRWk5Y2JCQXpML3JqTDFwTU44LzhqN0FRcTc0VXJxcTBPc3FFOWJRZG1jOTJLTG92U2wrRlVoVFQKUzNQcTdpcFFkM3djNE9ieWxNVlB0ODg0SFBUUXMvbTkxTlcwZHlxTE0wekZMUFBBK2R2WGFoaGJVdjY4VmlhbgpCKzZGWGd1NDFSdmQwMUpNczUraVh6NVpKYVFwdEJUSTVKZG0zdnhMc013ajRWaVMxNCtGVCs5eVdiTTlscFA3CnNIVVdaSlFoVnJnaS9VUElBbnNTNU9BPQotLS0tLUVORCBDRVJUSUZJQ0FURS0tLS0tCg==",
      "type": "string",
      "sensitive": true
    },
    "cluster_client_key": {
      "value": "LS0tLS1CRUdJTiBSU0EgUFJJVkFURSBLRVktLS0tLQpNSUlKS0FJQkFBS0NBZ0VBNW91QXJlTENlM1BZaFZSTXJJU0UzcnQ0L2dBRnYzYk1ydmtaVXBBbjg3dHJJWDZQCmg0UFhaRVJNb2R4UDBLZkREWHFUQzRCWTdFZ1FESVVoK1pzTWJ4TnBKaUxDSmUyUUs3UEdKcmJaRFJETzNTRlEKUi9KRmtpUHhManFKOWhJMkZXV0ZuRlNVYm54N2tOSXpWTWVCT0JrS29jekh2S1drVDJmRlBsMy9hUkorWjEvUwpJRVdkQ0lMQkY4NDRabzJXTktlVEtuTENxbXIySy9IS1d3NU1TNVNnb2NGUURWODBsNDJqK25JMFN0cElJSURiClpyK1NqQUdycmZrV2F2eHN3K29sZk5acVJGSklSbTBZUVgzQnJXKytiS3NsWnI2cGdVYXR0VkR3eXB0NGd4N3EKbmJESkZiN08zM1RDSlFPYjk2MUdkRHVPWGx1RGFZNVl6Z3NvMU1FaXUzakNzL0NKSDN0VWVscjFWak9ZcGc0WQpLWEd6TTRwaEFmVThwcUpzYklSUmxBTkE4MUVpbVhxL3dacldoaWN2QUo1SVp5L1REMnN5ZTZsVG9mUjE3ZWVFCnBGSm94eTI0bUhPamZ3Q05QRGw1bDJGODU0Wkg1akxZNWpCcDAxMEpjam16NTVmcFNhdmRoVTlnck9HZDV2U28KK3BHbXpWODZKQWhtNE9BaFBhNW52RXV5YWU5Y1p0YTEwaGRhVUZOeUk4VUN6WFJ4ZkkrUGFacGdDdmFsMy8wcQo0dHVkQUdzRzhxbktkY0o0OE13ZEVveHVuakZaWU04TXBpaGJVdlVpMUFoRU1McG1EY282bStWVVNVWHZocXJ1CmdhMEtZQTV3bFM2V0JDU0V5aEM4cGJaV0Rhd2pMQkNmOGcvaFl0Q2l2OTNWc0FnMGx1YXlST3IvdVVrQ0F3RUEKQVFLQ0FnQnhYK2MvSEFXeU9rMGZmRTVjaEtybThlRFZZR056UGRQNHRDMTh5Y0dyL2QzNFVjbjV4WjlXQXJTQQo0TndyYTJUanF3VEhJaTRZdkhPUUJLU3BvRk1rQ0xLcisybm94d1FnU2I5SGFLSWk1OElqUXUrOUFlcXVySmc5CnVMSUIzZ0RVMHVFNitPa3AwSFBmeTA5TkFQT09COXFQcVNvTW5wVElLK3IyK2JqU0RqTTFXUXozcStSR3ZDNkQKSzNuWERRZnlDdnEzWkVwUkRsclRUNHZJN2FZZGdSRGhtelJuN3dycEFOSEVKd2VLVEFBdVk5QUJubkpPQWNCUQp4TzcrVy9hTS9nZkRkWm82MFJBVCtqQjBmSWlUWnlHSlJUMFdZdXJ1MVRnMXM0RkcwZUFZODBwRGxCMi9ZTjlSClNwVHpLT3c1aCsvZTF5N3pQaVBJOUNTOTV3VURkSXd5cENlNWhkbVhEWFloKzVuRVJ4ajRxQm5HVjlXTDh2a2oKMk1hNkFnczlCNUdtUUZ4V2lMMGpYQUlyTTBUazNPYzBKWlIxZHNTZFRxQ0J0YUlkSWljN1pLZTlPTjdhVTNkQwpSbXFMWTN6dGpjdVJZZkM5TzYybkUrcXg5M09PbDJLTHNqQ3ZjQUN2d3FpVHRBc1Y1d0RiZ2VHVkZUTTd1UVdxCkM3UFFacXFTNDZvOXBGaktCR1FMczhYbFFWU244T2hNYVdvU0N3dzdLSDNsQzVBMGV5VEhPYVowZmg0azJGLzUKVTd2S1RLV3lmSDdKNVJNWVA1K3dlcHNKbXhwc3lySGpPRWtUTHJ0YnJVaEQzWDNhL1BCSzAveWlCSGV6SlZHTQpBd0lpOWNBbnRrYTRoYW9qcFpSQzN0d1VkazNRbVBxZkgzY1dmSWt3b2l6NktVTjI1UUtDQVFFQStwNElaNnB3Ck1ma3ZLSXZUOXFGUEdvcVlkSzFkR0pmbkt1OWxJUndHUVlwOHhIVkFVZEFRQll4Y1MwbnY0Y0xlQUV5eUZDN0cKMXdYbkhid1VGQ0dKREsvMVZjaVNoZFNLQlkydXVwMTMySmlJWU5udFR4YkNueEVLUzJYNHB3M2VVQTJGYm1kTApLeTFGSTMxQUNHNFppTDh5MEtuVGRabzE5aDlZbXZtWVBHWm0wb1dNbXZWd1pFaUpta0wyVGZqQTFUQXFZTU5oCmN4ZjRIdnR1SWdIcnNTMktZUmpPaGsrdEIrOTV3SjRWalZ2L3JyT0NwSWl3RGNtTWJMWkJQZmZSRlorK1JmbnIKV0UzMk1kVTNhNm1YL0pldW5ONjhpLzMyWHBETnBGK0lUcUdVTFVwWnRjNUU1Zjk4Q1B3OEZ2alNRTEYzZGUzWQpqN1lEeEk3QWVzeGRyd0tDQVFFQTYzOGJJcDFPbnplNUMrblpUVDFOcG1yU3ZXdUtsdndWWE1JZ09aakNyOC9QClJYdWs3WDZYTlFmcHFYUjVwVkEvQnB4RmhwT1R5WFZrbE04MjRkY3ltVzljeGVtRmNFK05oL3MxWEMxcmJCc0wKTnhVdWsxamt3a1dHSlM5Wk1tck5lbmFwZUZSNFF4UmRCbEh3TTNUc1YzRXI0c0pDeFBVNUtia2dBdDdjdEVKKwovV1VLRnp1MmdHalF4bFpOZTdLZVIyUjErVzZxQmtXeWtWLzdiVVRpNnA5Q3lmWDFvdVRKUUYralpLWVdxbytEClRKbTM2SjcreWozVTQrRFpoUjhEcWMrWUd0SjhDSnd6RXRNTDdVZ1pKeUUyZVJlTDNiZHlyYk05VXhZTlZNbFkKQ21WeVN3QU1sRG12eEVvMGJKOUdJdlBsTS83VVhpNXJRNFRicVFGT2h3S0NBUUE0d0xyVWh2TTdUZHVSQ2dFcApFNlJ2TlQyTEJvdFRlMnE4L1ZOZ2FSRTluRmZld1ZLY2RFcDhoeW1MWHlYMGNRV0crZGRGM01Yb2dZeXgzaHFKCjZJSTVua3NuYnZGSFh6Y1dSTnh4cENFMHFtNFB5S29Gdy9pMHZzNGUvdXVOSVFYY0NRUFRXWTdiS3poQjdpWW4KQW8vRHVOQ1FFalV4cDRkYXdnUjFxOW4rcTQzVFZLemZsbjhxSm9jS3FPbFFCT25lSFRjcmpITXY5aGlaSTRUdwpMSkVzSVV6NTZmMHl5eTQ2NHM4bWdHWVBDZXRmcTRVRkwzTDIzRkp4ZCtCVVlSODNEMkt1UkFjNGl3Y2FoOWN5CkNVakN5YktnRVl5UEF5YmNpVndZUWc0RENISWV3M3lIUUR1My9lQWZ4TWJ5eU13TUhHUWFENCtBRTg3TW55c1YKWTl3L0FvSUJBRzgrRmFWZVJidDBhUmMxbWc2Z2ZNTzJCbUt3SUVGK1J1RVFXb1Nhb3F6R0w1VVUrUzJ1OU9KNgpJR2lKdXNUYWlVc29HcmVka3R4QmRnZk5jcEZ3UkZpeWdGS0ZJeUdRa3J5L2I4OWhMVE5kK3doRUcwSkRaWnhYCmx5eU5sMGIzcUtURzFQc2dlOGJFSWNWUWczVHJNSkdGeGtOUm5KVEplZjA1aytPSFB4NXZvdWswQjNZK0lORzcKc1pOZlJTNi9pNEVSOWFDa0kvRGVqNkdZZzM1MFlmU08wcy93UGQ1NjBJNTJId3IyWWhLanhGUTA4T2tUNGl2SwoxWHZueFJqYk03SE5mSDUvRzFROTVPcHBnMkxOQWdTMzdiRjU2L29LSkVQbFBYeTRHQWdMTEdtTXpsYWJhVlhECmdrSHBBNmFqL2srWWdwYnpNNEpoencyUC91dHcwSlVDZ2dFQkFNOGxQN0xQZ3RMRWlNTE14enl1Q3k4bFRnOU4Kd3JuWGxWOUVFUWlVcGpCUHpqQ2tQOFEzYlQyVDZxaS80VmpnZ2pIYlZDRVJUWnFmQy9BdExaM29sNlVIVE9TMApPSWtWUXRNcG9ML0NVS0Zqc0V5ZS9XeUpnbTJYTDVnWGVWK2thM2psM0RQb0JTaUsvTkFJYjBUUi9WY2p0ZDNXCkxNRjZnZFQ4aHlBdWJZWjVYeDBxUmVmcmM1M0xBVGUvam1EZk1pdkpURVYxcEtSK3JZeHVjWkdvV1BwWjRyQUMKSWx6U2RFcmNTcGMwaXcvT1E2M2I1Mmc0NmFUeFpwa2Ewc3Q1dWFmVlZKdGx6N2J0YXd4VEQ4NFZxWWVPeDVoTgp0OGZoSVVSUnRrK2VtV1AvMDZ5djBZclh6UkJNUENoY2toMEpXK1JOT3ZiZHFhK2t6RllRRkM1UThQUT0KLS0tLS1FTkQgUlNBIFBSSVZBVEUgS0VZLS0tLS0K",
      "type": "string",
      "sensitive": true
    },
    "cluster_cluster_ca_certificate": {
      "value": "LS0tLS1CRUdJTiBDRVJUSUZJQ0FURS0tLS0tCk1JSUU2RENDQXRDZ0F3SUJBZ0lRQXNjQS9zUGo3OXd3bGsxbUhwV21RVEFOQmdrcWhraUc5dzBCQVFzRkFEQU4KTVFzd0NRWURWUVFERXdKallUQWdGdzB5TWpBM01qRXhOelUyTWpsYUdBOHlNRFV5TURjeU1URTRNRFl5T1ZvdwpEVEVMTUFrR0ExVUVBeE1DWTJFd2dnSWlNQTBHQ1NxR1NJYjNEUUVCQVFVQUE0SUNEd0F3Z2dJS0FvSUNBUUM4Cm51TUJLcHZyWjk2Y1d0cmNrWUZEalFsdnhta0NaWU8rZXB6MGtHZHFKcHNzMDVQM1Q5eG4xUFRtZXZ6N2J0NFoKNi95ZjdYa25KNTllSVFpUytvZUh6QXl5TkJWczhpN3duNFVVamRhQTVFR0xUclZQY1lRTXNLNWoyWGxaWXlyegpFdlhteFJJNC9GdnVsVEpFQ3RKY2phV1FvWWovL29CZGhKS09weDU5amdlaTRLK1pZZHR1ZFpidmJ1cUp1Qm12CjdqbDB2V3Jwa3JrT01hOE5YcEtCWXMyM0cwQnZQU0Q5clUyUFlXWGJiTzF2STMwb1dhOWJxV0xWWmYvdGJ6dGEKRGxUY1U1TkgzS0JzbWJTam5hTWgwZmVWMlFzVGcweTJJSUJBU2VONHFRSzZkYmNFWExhRmFxekd0Y2VxYkswawpmTHJvZG9wbHIxNEl4U1RkWlRkUTBMMU1odVgvNW1OYmpQVzRzcU9iNmpZbUdyazlpSVhPem5kM2NaUCtRNWZ1ClJST1FJOXBteC9UNWFPNlppSFhFUmNDNmZYcHdCVVJkbXRiSXh1U2lBY29zdVlVa3Ivc2FqSDVBZlpuU3hFUk8Kek81ZThZWitnZmpJOTV3emRmYTU4VnFhVjJYZjZhdlJ2dXYrYisxUlVuVjBteC9GcWI3bEFmWHMwYUJaNnlJLwoyVnZDSkpYLy9hS3pwQlpEOS9iSmlSZ0psNjJreXZnN1ZldmR3UUIzMnJEcTdlL2FmZHUwSDNSOENPcWdmQzJECk9QOHFvS1hsYm9aa0x0dUI3S1FZNXNpV3BNVzhuZHdqNmpoYThUUzZDcWtNaVFNRnNvZnVDZFRzUGRjMncyanIKTjdFcDdPRlJTS2dDTjh3aHU1cCtVUms3ZGIzaE8xTmRzWkVKM1FQWFh3SURBUUFCbzBJd1FEQU9CZ05WSFE4QgpBZjhFQkFNQ0FxUXdEd1lEVlIwVEFRSC9CQVV3QXdFQi96QWRCZ05WSFE0RUZnUVViM0xhWnFaTnQ3aWZCbWhwClpwV3k2WXB6RDBjd0RRWUpLb1pJaHZjTkFRRUxCUUFEZ2dJQkFJMjQzTURRdmpmaTZMOVR3NHc4YWFpOENIckYKUnNYRGtwY1FxN1Y3RlRXSk5GYWJzQXNHNjkzcHhKbDFXMnB5aXFyMUNDcGtKTVBaeCsyTlRlV2prQkJXTFZvOQp2UHFIVG1RcjlieHJMenZHTEdQRUtLN3ZUenhZUHZXUUZDQ1VjYi9USlh6cGtxTElrUUhmUlJ0dW9OQ2ZzMEdaCkxWcFlTS3JDbENkeTBkVVc2RVhHaDEraGo2QzFRYzcvUjlPaE9pNnRFY01WZFNMVDY2ZHlrOSt5Qm5kb3BCWmYKRndSQ0ZKdnNWMGx0MU5YU0FsTzcyaE45SEhYN0ZNbGorelBvWDRLcFgzckFKUm8zYXVDbERIZlJwSDN5Smo0bgpwb09ONms5TGZSaURyZ3ozbmNLYytlaGlPWTd5MFVpNEJJY3l0L0VqUEdYVmxRZURwUlRTOFBJdjhlQVdDU1R2CmFaSmx6OWJXR21WL2pWVkVheXdlYUdad3NvTWtzdU9yWnQwZDZRZXZDUk5pcWJMUTlHUU05MTlkcW1sTG5WUGwKcWNBMHY3YTBxbkMxbWJSZVllRDFzWmhMOU91eWtZWTMyb0s1TEREa2VmemkvWmhCK3YvN045bU9PclFrMFRIVwpwYUdVNGh2UTN4aHNvbjlDWWpGQ1U5b2FSSE8vNElpeVN0STJLdUpCcHpiN0RXY2RWbDFSZ3pPREcrYUtCNVhqCm1ZMnpVb3h5MGFxM3NpaXE0UnpTbFNJY3RoQVNCN1M1ZnU0RjMzTFJtZjIvVjFKRlNiYk9XRGNBYkZRbVU3eU0KYlU1dEE0ZVd6VjRRS1Q2bkc5WHRpcW9UdUQzanovaFZiM2tDeWluVnFZa3ByaGhiU0JLRXNhU3V4NXNkeWo0QQpVMmZqMzZyQlU0UXZlTjN4Ci0tLS0tRU5EIENFUlRJRklDQVRFLS0tLS0K",
      "type": "string",
      "sensitive": true
    },
    "cluster_cluster_password": {
      "value": "66d5d9c0744984686da73fc2dd712bbdc21dabfd955c22cdc8dadc74a74df37b556287a3f3ac56a6836cf6e1791f048b1c08d9e0d6237743ebe4fa06ad505269",
      "type": "string",
      "sensitive": true
    },
    "cluster_cluster_username": {
      "value": "clusterUser_seotube_seotube",
      "type": "string",
      "sensitive": true
    },
    "cluster_host": {
      "value": "https://seotube-39f3cf5a.hcp.koreacentral.azmk8s.io:443",
      "type": "string",
      "sensitive": true
    },
    "cluster_kube_config": {
      "value": "apiVersion: v1\nclusters:\n- cluster:\n    certificate-authority-data: LS0tLS1CRUdJTiBDRVJUSUZJQ0FURS0tLS0tCk1JSUU2RENDQXRDZ0F3SUJBZ0lRQXNjQS9zUGo3OXd3bGsxbUhwV21RVEFOQmdrcWhraUc5dzBCQVFzRkFEQU4KTVFzd0NRWURWUVFERXdKallUQWdGdzB5TWpBM01qRXhOelUyTWpsYUdBOHlNRFV5TURjeU1URTRNRFl5T1ZvdwpEVEVMTUFrR0ExVUVBeE1DWTJFd2dnSWlNQTBHQ1NxR1NJYjNEUUVCQVFVQUE0SUNEd0F3Z2dJS0FvSUNBUUM4Cm51TUJLcHZyWjk2Y1d0cmNrWUZEalFsdnhta0NaWU8rZXB6MGtHZHFKcHNzMDVQM1Q5eG4xUFRtZXZ6N2J0NFoKNi95ZjdYa25KNTllSVFpUytvZUh6QXl5TkJWczhpN3duNFVVamRhQTVFR0xUclZQY1lRTXNLNWoyWGxaWXlyegpFdlhteFJJNC9GdnVsVEpFQ3RKY2phV1FvWWovL29CZGhKS09weDU5amdlaTRLK1pZZHR1ZFpidmJ1cUp1Qm12CjdqbDB2V3Jwa3JrT01hOE5YcEtCWXMyM0cwQnZQU0Q5clUyUFlXWGJiTzF2STMwb1dhOWJxV0xWWmYvdGJ6dGEKRGxUY1U1TkgzS0JzbWJTam5hTWgwZmVWMlFzVGcweTJJSUJBU2VONHFRSzZkYmNFWExhRmFxekd0Y2VxYkswawpmTHJvZG9wbHIxNEl4U1RkWlRkUTBMMU1odVgvNW1OYmpQVzRzcU9iNmpZbUdyazlpSVhPem5kM2NaUCtRNWZ1ClJST1FJOXBteC9UNWFPNlppSFhFUmNDNmZYcHdCVVJkbXRiSXh1U2lBY29zdVlVa3Ivc2FqSDVBZlpuU3hFUk8Kek81ZThZWitnZmpJOTV3emRmYTU4VnFhVjJYZjZhdlJ2dXYrYisxUlVuVjBteC9GcWI3bEFmWHMwYUJaNnlJLwoyVnZDSkpYLy9hS3pwQlpEOS9iSmlSZ0psNjJreXZnN1ZldmR3UUIzMnJEcTdlL2FmZHUwSDNSOENPcWdmQzJECk9QOHFvS1hsYm9aa0x0dUI3S1FZNXNpV3BNVzhuZHdqNmpoYThUUzZDcWtNaVFNRnNvZnVDZFRzUGRjMncyanIKTjdFcDdPRlJTS2dDTjh3aHU1cCtVUms3ZGIzaE8xTmRzWkVKM1FQWFh3SURBUUFCbzBJd1FEQU9CZ05WSFE4QgpBZjhFQkFNQ0FxUXdEd1lEVlIwVEFRSC9CQVV3QXdFQi96QWRCZ05WSFE0RUZnUVViM0xhWnFaTnQ3aWZCbWhwClpwV3k2WXB6RDBjd0RRWUpLb1pJaHZjTkFRRUxCUUFEZ2dJQkFJMjQzTURRdmpmaTZMOVR3NHc4YWFpOENIckYKUnNYRGtwY1FxN1Y3RlRXSk5GYWJzQXNHNjkzcHhKbDFXMnB5aXFyMUNDcGtKTVBaeCsyTlRlV2prQkJXTFZvOQp2UHFIVG1RcjlieHJMenZHTEdQRUtLN3ZUenhZUHZXUUZDQ1VjYi9USlh6cGtxTElrUUhmUlJ0dW9OQ2ZzMEdaCkxWcFlTS3JDbENkeTBkVVc2RVhHaDEraGo2QzFRYzcvUjlPaE9pNnRFY01WZFNMVDY2ZHlrOSt5Qm5kb3BCWmYKRndSQ0ZKdnNWMGx0MU5YU0FsTzcyaE45SEhYN0ZNbGorelBvWDRLcFgzckFKUm8zYXVDbERIZlJwSDN5Smo0bgpwb09ONms5TGZSaURyZ3ozbmNLYytlaGlPWTd5MFVpNEJJY3l0L0VqUEdYVmxRZURwUlRTOFBJdjhlQVdDU1R2CmFaSmx6OWJXR21WL2pWVkVheXdlYUdad3NvTWtzdU9yWnQwZDZRZXZDUk5pcWJMUTlHUU05MTlkcW1sTG5WUGwKcWNBMHY3YTBxbkMxbWJSZVllRDFzWmhMOU91eWtZWTMyb0s1TEREa2VmemkvWmhCK3YvN045bU9PclFrMFRIVwpwYUdVNGh2UTN4aHNvbjlDWWpGQ1U5b2FSSE8vNElpeVN0STJLdUpCcHpiN0RXY2RWbDFSZ3pPREcrYUtCNVhqCm1ZMnpVb3h5MGFxM3NpaXE0UnpTbFNJY3RoQVNCN1M1ZnU0RjMzTFJtZjIvVjFKRlNiYk9XRGNBYkZRbVU3eU0KYlU1dEE0ZVd6VjRRS1Q2bkc5WHRpcW9UdUQzanovaFZiM2tDeWluVnFZa3ByaGhiU0JLRXNhU3V4NXNkeWo0QQpVMmZqMzZyQlU0UXZlTjN4Ci0tLS0tRU5EIENFUlRJRklDQVRFLS0tLS0K\n    server: https://seotube-39f3cf5a.hcp.koreacentral.azmk8s.io:443\n  name: seotube\ncontexts:\n- context:\n    cluster: seotube\n    user: clusterUser_seotube_seotube\n  name: seotube\ncurrent-context: seotube\nkind: Config\npreferences: {}\nusers:\n- name: clusterUser_seotube_seotube\n  user:\n    client-certificate-data: LS0tLS1CRUdJTiBDRVJUSUZJQ0FURS0tLS0tCk1JSUZIVENDQXdXZ0F3SUJBZ0lRWWE1YVBIdS9SZEJMQmpselhkVXFZREFOQmdrcWhraUc5dzBCQVFzRkFEQU4KTVFzd0NRWURWUVFERXdKallUQWVGdzB5TWpBM01qRXhOelUyTXpCYUZ3MHlOREEzTWpFeE9EQTJNekJhTURBeApGekFWQmdOVkJBb1REbk41YzNSbGJUcHRZWE4wWlhKek1SVXdFd1lEVlFRREV3eHRZWE4wWlhKamJHbGxiblF3CmdnSWlNQTBHQ1NxR1NJYjNEUUVCQVFVQUE0SUNEd0F3Z2dJS0FvSUNBUURtaTRDdDRzSjdjOWlGVkV5c2hJVGUKdTNqK0FBVy9kc3l1K1JsU2tDZnp1MnNoZm8rSGc5ZGtSRXloM0UvUXA4TU5lcE1MZ0Zqc1NCQU1oU0g1bXd4dgpFMmttSXNJbDdaQXJzOFltdHRrTkVNN2RJVkJIOGtXU0kvRXVPb24yRWpZVlpZV2NWSlJ1Zkh1UTBqTlV4NEU0CkdRcWh6TWU4cGFSUFo4VStYZjlwRW41blg5SWdSWjBJZ3NFWHpqaG1qWlkwcDVNcWNzS3FhdllyOGNwYkRreEwKbEtDaHdWQU5YelNYamFQNmNqUksya2dnZ050bXY1S01BYXV0K1JacS9HekQ2aVY4MW1wRVVraEdiUmhCZmNHdApiNzVzcXlWbXZxbUJScTIxVVBES20zaURIdXFkc01rVnZzN2ZkTUlsQTV2M3JVWjBPNDVlVzROcGpsak9DeWpVCndTSzdlTUt6OElrZmUxUjZXdlZXTTVpbURoZ3BjYk16aW1FQjlUeW1vbXhzaEZHVUEwRHpVU0taZXIvQm10YUcKSnk4QW5raG5MOU1QYXpKN3FWT2g5SFh0NTRTa1VtakhMYmlZYzZOL0FJMDhPWG1YWVh6bmhrZm1NdGptTUduVApYUWx5T2JQbmwrbEpxOTJGVDJDczRaM205S2o2a2FiTlh6b2tDR2JnNENFOXJtZThTN0pwNzF4bTFyWFNGMXBRClUzSWp4UUxOZEhGOGo0OXBtbUFLOXFYZi9TcmkyNTBBYXdieXFjcDF3bmp3ekIwU2pHNmVNVmxnend5bUtGdFMKOVNMVUNFUXd1bVlOeWpxYjVWUkpSZStHcXU2QnJRcGdEbkNWTHBZRUpJVEtFTHlsdGxZTnJDTXNFSi95RCtGaQowS0svM2RXd0NEU1c1ckpFNnYrNVNRSURBUUFCbzFZd1ZEQU9CZ05WSFE4QkFmOEVCQU1DQmFBd0V3WURWUjBsCkJBd3dDZ1lJS3dZQkJRVUhBd0l3REFZRFZSMFRBUUgvQkFJd0FEQWZCZ05WSFNNRUdEQVdnQlJ2Y3RwbXBrMjMKdUo4R2FHbG1sYkxwaW5NUFJ6QU5CZ2txaGtpRzl3MEJBUXNGQUFPQ0FnRUFXZmJuMEV3eHd6ZlVkelV2ZkM0WgpDOXdOSVV4V1NCQjlYeHZacklTODhlemxiSVVNbnRPdnJhSWs2MUtuSFlqVzVhbnZLaG9SaW9Gd3hvQU9RdUNVCi92d2lXbDR2TmVlZS9heDF0Q1V5YWVRN2dFMEttaStUQWRTM0ladWNkdEVieVIrMWNLLzgrQTUzemFvSXo0VXQKNFFjSVBOdWRZL0xQT2tLcGpJWVFMcFZPNlRDYy9qZVFrMkJKaE9IalFqODNTSnczUGxFV3BWR3A2TWlneHlTaQoyeGRFazFtRUxjVEx6WHdKM2RMOTZoUnk1SFhDTnZnUHBIZ3VLV01yQnNnYUdEbi9FR3dROVBuOE9OT0pGNmRBCnF0MENEOC85L200ZVVGMkNvMHBQZzhMRlF6VGtmL2czUC8wbWcvblR1dCt1UG5FQUdrS29ScDc1aHRzNGRuaXEKazJaN21OZ2E5UXU5UEdmaEJUR25qTEgrc1pFbFYzMmVSZldtUm5Jb25hYktQZ3VDTjhucUFQWnQ2enhpdXd0dQpTL1VoYXArZ1BueWp6Y3IwNlVDM1NwcFp1VjJwa3RhdlBrb0F4VU00TlVFTzRsYTVRcjhNZGdEOXNzckkzVklOCkVQcmIrZnNQRWk5Y2JCQXpML3JqTDFwTU44LzhqN0FRcTc0VXJxcTBPc3FFOWJRZG1jOTJLTG92U2wrRlVoVFQKUzNQcTdpcFFkM3djNE9ieWxNVlB0ODg0SFBUUXMvbTkxTlcwZHlxTE0wekZMUFBBK2R2WGFoaGJVdjY4VmlhbgpCKzZGWGd1NDFSdmQwMUpNczUraVh6NVpKYVFwdEJUSTVKZG0zdnhMc013ajRWaVMxNCtGVCs5eVdiTTlscFA3CnNIVVdaSlFoVnJnaS9VUElBbnNTNU9BPQotLS0tLUVORCBDRVJUSUZJQ0FURS0tLS0tCg==\n    client-key-data: LS0tLS1CRUdJTiBSU0EgUFJJVkFURSBLRVktLS0tLQpNSUlKS0FJQkFBS0NBZ0VBNW91QXJlTENlM1BZaFZSTXJJU0UzcnQ0L2dBRnYzYk1ydmtaVXBBbjg3dHJJWDZQCmg0UFhaRVJNb2R4UDBLZkREWHFUQzRCWTdFZ1FESVVoK1pzTWJ4TnBKaUxDSmUyUUs3UEdKcmJaRFJETzNTRlEKUi9KRmtpUHhManFKOWhJMkZXV0ZuRlNVYm54N2tOSXpWTWVCT0JrS29jekh2S1drVDJmRlBsMy9hUkorWjEvUwpJRVdkQ0lMQkY4NDRabzJXTktlVEtuTENxbXIySy9IS1d3NU1TNVNnb2NGUURWODBsNDJqK25JMFN0cElJSURiClpyK1NqQUdycmZrV2F2eHN3K29sZk5acVJGSklSbTBZUVgzQnJXKytiS3NsWnI2cGdVYXR0VkR3eXB0NGd4N3EKbmJESkZiN08zM1RDSlFPYjk2MUdkRHVPWGx1RGFZNVl6Z3NvMU1FaXUzakNzL0NKSDN0VWVscjFWak9ZcGc0WQpLWEd6TTRwaEFmVThwcUpzYklSUmxBTkE4MUVpbVhxL3dacldoaWN2QUo1SVp5L1REMnN5ZTZsVG9mUjE3ZWVFCnBGSm94eTI0bUhPamZ3Q05QRGw1bDJGODU0Wkg1akxZNWpCcDAxMEpjam16NTVmcFNhdmRoVTlnck9HZDV2U28KK3BHbXpWODZKQWhtNE9BaFBhNW52RXV5YWU5Y1p0YTEwaGRhVUZOeUk4VUN6WFJ4ZkkrUGFacGdDdmFsMy8wcQo0dHVkQUdzRzhxbktkY0o0OE13ZEVveHVuakZaWU04TXBpaGJVdlVpMUFoRU1McG1EY282bStWVVNVWHZocXJ1CmdhMEtZQTV3bFM2V0JDU0V5aEM4cGJaV0Rhd2pMQkNmOGcvaFl0Q2l2OTNWc0FnMGx1YXlST3IvdVVrQ0F3RUEKQVFLQ0FnQnhYK2MvSEFXeU9rMGZmRTVjaEtybThlRFZZR056UGRQNHRDMTh5Y0dyL2QzNFVjbjV4WjlXQXJTQQo0TndyYTJUanF3VEhJaTRZdkhPUUJLU3BvRk1rQ0xLcisybm94d1FnU2I5SGFLSWk1OElqUXUrOUFlcXVySmc5CnVMSUIzZ0RVMHVFNitPa3AwSFBmeTA5TkFQT09COXFQcVNvTW5wVElLK3IyK2JqU0RqTTFXUXozcStSR3ZDNkQKSzNuWERRZnlDdnEzWkVwUkRsclRUNHZJN2FZZGdSRGhtelJuN3dycEFOSEVKd2VLVEFBdVk5QUJubkpPQWNCUQp4TzcrVy9hTS9nZkRkWm82MFJBVCtqQjBmSWlUWnlHSlJUMFdZdXJ1MVRnMXM0RkcwZUFZODBwRGxCMi9ZTjlSClNwVHpLT3c1aCsvZTF5N3pQaVBJOUNTOTV3VURkSXd5cENlNWhkbVhEWFloKzVuRVJ4ajRxQm5HVjlXTDh2a2oKMk1hNkFnczlCNUdtUUZ4V2lMMGpYQUlyTTBUazNPYzBKWlIxZHNTZFRxQ0J0YUlkSWljN1pLZTlPTjdhVTNkQwpSbXFMWTN6dGpjdVJZZkM5TzYybkUrcXg5M09PbDJLTHNqQ3ZjQUN2d3FpVHRBc1Y1d0RiZ2VHVkZUTTd1UVdxCkM3UFFacXFTNDZvOXBGaktCR1FMczhYbFFWU244T2hNYVdvU0N3dzdLSDNsQzVBMGV5VEhPYVowZmg0azJGLzUKVTd2S1RLV3lmSDdKNVJNWVA1K3dlcHNKbXhwc3lySGpPRWtUTHJ0YnJVaEQzWDNhL1BCSzAveWlCSGV6SlZHTQpBd0lpOWNBbnRrYTRoYW9qcFpSQzN0d1VkazNRbVBxZkgzY1dmSWt3b2l6NktVTjI1UUtDQVFFQStwNElaNnB3Ck1ma3ZLSXZUOXFGUEdvcVlkSzFkR0pmbkt1OWxJUndHUVlwOHhIVkFVZEFRQll4Y1MwbnY0Y0xlQUV5eUZDN0cKMXdYbkhid1VGQ0dKREsvMVZjaVNoZFNLQlkydXVwMTMySmlJWU5udFR4YkNueEVLUzJYNHB3M2VVQTJGYm1kTApLeTFGSTMxQUNHNFppTDh5MEtuVGRabzE5aDlZbXZtWVBHWm0wb1dNbXZWd1pFaUpta0wyVGZqQTFUQXFZTU5oCmN4ZjRIdnR1SWdIcnNTMktZUmpPaGsrdEIrOTV3SjRWalZ2L3JyT0NwSWl3RGNtTWJMWkJQZmZSRlorK1JmbnIKV0UzMk1kVTNhNm1YL0pldW5ONjhpLzMyWHBETnBGK0lUcUdVTFVwWnRjNUU1Zjk4Q1B3OEZ2alNRTEYzZGUzWQpqN1lEeEk3QWVzeGRyd0tDQVFFQTYzOGJJcDFPbnplNUMrblpUVDFOcG1yU3ZXdUtsdndWWE1JZ09aakNyOC9QClJYdWs3WDZYTlFmcHFYUjVwVkEvQnB4RmhwT1R5WFZrbE04MjRkY3ltVzljeGVtRmNFK05oL3MxWEMxcmJCc0wKTnhVdWsxamt3a1dHSlM5Wk1tck5lbmFwZUZSNFF4UmRCbEh3TTNUc1YzRXI0c0pDeFBVNUtia2dBdDdjdEVKKwovV1VLRnp1MmdHalF4bFpOZTdLZVIyUjErVzZxQmtXeWtWLzdiVVRpNnA5Q3lmWDFvdVRKUUYralpLWVdxbytEClRKbTM2SjcreWozVTQrRFpoUjhEcWMrWUd0SjhDSnd6RXRNTDdVZ1pKeUUyZVJlTDNiZHlyYk05VXhZTlZNbFkKQ21WeVN3QU1sRG12eEVvMGJKOUdJdlBsTS83VVhpNXJRNFRicVFGT2h3S0NBUUE0d0xyVWh2TTdUZHVSQ2dFcApFNlJ2TlQyTEJvdFRlMnE4L1ZOZ2FSRTluRmZld1ZLY2RFcDhoeW1MWHlYMGNRV0crZGRGM01Yb2dZeXgzaHFKCjZJSTVua3NuYnZGSFh6Y1dSTnh4cENFMHFtNFB5S29Gdy9pMHZzNGUvdXVOSVFYY0NRUFRXWTdiS3poQjdpWW4KQW8vRHVOQ1FFalV4cDRkYXdnUjFxOW4rcTQzVFZLemZsbjhxSm9jS3FPbFFCT25lSFRjcmpITXY5aGlaSTRUdwpMSkVzSVV6NTZmMHl5eTQ2NHM4bWdHWVBDZXRmcTRVRkwzTDIzRkp4ZCtCVVlSODNEMkt1UkFjNGl3Y2FoOWN5CkNVakN5YktnRVl5UEF5YmNpVndZUWc0RENISWV3M3lIUUR1My9lQWZ4TWJ5eU13TUhHUWFENCtBRTg3TW55c1YKWTl3L0FvSUJBRzgrRmFWZVJidDBhUmMxbWc2Z2ZNTzJCbUt3SUVGK1J1RVFXb1Nhb3F6R0w1VVUrUzJ1OU9KNgpJR2lKdXNUYWlVc29HcmVka3R4QmRnZk5jcEZ3UkZpeWdGS0ZJeUdRa3J5L2I4OWhMVE5kK3doRUcwSkRaWnhYCmx5eU5sMGIzcUtURzFQc2dlOGJFSWNWUWczVHJNSkdGeGtOUm5KVEplZjA1aytPSFB4NXZvdWswQjNZK0lORzcKc1pOZlJTNi9pNEVSOWFDa0kvRGVqNkdZZzM1MFlmU08wcy93UGQ1NjBJNTJId3IyWWhLanhGUTA4T2tUNGl2SwoxWHZueFJqYk03SE5mSDUvRzFROTVPcHBnMkxOQWdTMzdiRjU2L29LSkVQbFBYeTRHQWdMTEdtTXpsYWJhVlhECmdrSHBBNmFqL2srWWdwYnpNNEpoencyUC91dHcwSlVDZ2dFQkFNOGxQN0xQZ3RMRWlNTE14enl1Q3k4bFRnOU4Kd3JuWGxWOUVFUWlVcGpCUHpqQ2tQOFEzYlQyVDZxaS80VmpnZ2pIYlZDRVJUWnFmQy9BdExaM29sNlVIVE9TMApPSWtWUXRNcG9ML0NVS0Zqc0V5ZS9XeUpnbTJYTDVnWGVWK2thM2psM0RQb0JTaUsvTkFJYjBUUi9WY2p0ZDNXCkxNRjZnZFQ4aHlBdWJZWjVYeDBxUmVmcmM1M0xBVGUvam1EZk1pdkpURVYxcEtSK3JZeHVjWkdvV1BwWjRyQUMKSWx6U2RFcmNTcGMwaXcvT1E2M2I1Mmc0NmFUeFpwa2Ewc3Q1dWFmVlZKdGx6N2J0YXd4VEQ4NFZxWWVPeDVoTgp0OGZoSVVSUnRrK2VtV1AvMDZ5djBZclh6UkJNUENoY2toMEpXK1JOT3ZiZHFhK2t6RllRRkM1UThQUT0KLS0tLS1FTkQgUlNBIFBSSVZBVEUgS0VZLS0tLS0K\n    token: 66d5d9c0744984686da73fc2dd712bbdc21dabfd955c22cdc8dadc74a74df37b556287a3f3ac56a6836cf6e1791f048b1c08d9e0d6237743ebe4fa06ad505269\n",
      "type": "string",
      "sensitive": true
    },
    "cluster_private_key": {
      "value": "-----BEGIN RSA PRIVATE KEY-----\nMIIEpQIBAAKCAQEA00p33eKyMx4xM12OH77HLR29j+CXOfTZ2xO6IkW5qMtlVuoo\nAwtc3kd/2z8hUlf5PaU7ak8OxEZ3cGy9UQRK9wc5gjipyyZydJF644WnDtEWVmT5\nZ4qB2jxKbHm1dhSvpJHYiA9rOVd1qXkDM0Dj8gJFBz0pRAU8yfwpsG2W61l5nOx/\nCTlrz3r302kP0A2JFPk4bDO79jOeLL9mncvJGKaD0Q9eGJuj/XVCrjasAPYMsTtr\nLTGC5mpPCdYHead195XmGIvRTVT4KuKPvjl6vj4WN69BDaYavuTyYj0cg6anTX1Z\n+4eSbhBXH50ai31YkytGurNxGnCdpL5uHrZm+wIDAQABAoIBAQCon+Lf6z8KessL\nUlvNzATLZdPWUoh+UYHYTHsdRQYxxvm+jquWGmhoYSmSAWUHgXxBjW/InQWM8Sv7\nRl0knkdxtItZ+PzRS4LGsyAfGphDw+yO0JEW6DxPvhQrVErUzReMQHVNyPhqz/jw\nYsqCCgShLNyINXCMf52PGbbvvdZXRiJ+5DI1571SsedGmfFoVdI4lMgo5qkS064/\nXG8xq0+sREoiirQBz2zj6mGsU8guiWIp2YndmM4PiUdP/CD+sw8QA2cIL1RO+h/B\n/1w6fE3yg556eq8LGA2vqkTC9bwhti+x2DxCbFJFr3mjk6yX3w22sf6892+FAcMe\nt2K0EB8pAoGBAPVN96AkpYuiCcYjssz5VROJMlDPZHq/sxcwSx4lTv1g/XqG/MVR\nKkPUwK4l0V/dra6XL6nsT05Jtvb8hCxtIILezGv1L5pRi8p73S0Ycef57o4GTH3q\nxnrr5Dxh/vScMdwpJg9VwpzPfl23S1+g6iH5VsUuO4/BA+i8pzcQuas1AoGBANyA\n2Sb9PJXF8hZlkXG2alRb43w+AL5kyUPSpYACOQToUTiYl4e/lwLmvrlHFJuv/5jG\ny72JrpWU1pckPmKdQ4m8enHI/sF1dmDnlPsR2Uobp/oHsDJMLuDIAUMOWfOdBy2N\nQFIoTyslcOKtSrSjiYTqP8SkutDbfb+3YenqCt9vAoGBAO05MymJhxab4zvcNgOH\nc8Dqwt/nUFJspLLeHybOCa97ZmZhuHzRW0AxtQw0wmAlLttSleOMBb2+B9SequuT\ntQcakzIr8JcaGUf9tQzxQOaHiy2J5ds3ei5RhWznj/naO1Wf7ZCS7RtcheX3Zkra\ngNHOIR2a8jq4/CDMoCDeac+pAoGAH6PthQa5dtRclJImeKawQ0KcNeu/t5JGvxCu\n5ttqyyV64iAjPjtjs+rgWz2z21M53fZIrf3fq18cG7v7p7LhShZdi45H4AK25djV\nK+G3yEaHp/0Kb203HNIWPEUG60oRCZxHKoLWOV66AAzVt23wAb6LP/BTTjzwol3y\nEtqejMkCgYEAlbXFF2iNKNRacJLVkWs5+L6Epf8MYXXuOQKCQ/yj/loSAqLAu0f9\n4cUEYEeBqWx9F+s+68rP/LTEpkvCiJfprn5a2ho2d7eYC2u5+UV6AgsI4TRTqnIU\n0wXpFAu+FBP+ERCIS/gS64ZC/6PbSTsFTM7PJjods4NNNm1N0/6u6I4=\n-----END RSA PRIVATE KEY-----\n",
      "type": "string",
      "sensitive": true
    },
    "cluster_public_key": {
      "value": "-----BEGIN PUBLIC KEY-----\nMIIBIjANBgkqhkiG9w0BAQEFAAOCAQ8AMIIBCgKCAQEA00p33eKyMx4xM12OH77H\nLR29j+CXOfTZ2xO6IkW5qMtlVuooAwtc3kd/2z8hUlf5PaU7ak8OxEZ3cGy9UQRK\n9wc5gjipyyZydJF644WnDtEWVmT5Z4qB2jxKbHm1dhSvpJHYiA9rOVd1qXkDM0Dj\n8gJFBz0pRAU8yfwpsG2W61l5nOx/CTlrz3r302kP0A2JFPk4bDO79jOeLL9mncvJ\nGKaD0Q9eGJuj/XVCrjasAPYMsTtrLTGC5mpPCdYHead195XmGIvRTVT4KuKPvjl6\nvj4WN69BDaYavuTyYj0cg6anTX1Z+4eSbhBXH50ai31YkytGurNxGnCdpL5uHrZm\n+wIDAQAB\n-----END PUBLIC KEY-----\n",
      "type": "string"
    },
    "registry_hostname": {
      "value": "seotube.azurecr.io",
      "type": "string"
    },
    "registry_pw": {
      "value": "9ubzMSGqFGB1=OIBKFE7kSKa5GklH27s",
      "type": "string",
      "sensitive": true
    },
    "registry_un": {
      "value": "seotube",
      "type": "string"
    }
  },
  "resources": [
    {
      "mode": "managed",
      "type": "azurerm_container_registry",
      "name": "container_registry",
      "provider": "provider[\"registry.terraform.io/hashicorp/azurerm\"]",
      "instances": [
        {
          "schema_version": 2,
          "attributes": {
            "admin_enabled": true,
            "admin_password": "9ubzMSGqFGB1=OIBKFE7kSKa5GklH27s",
            "admin_username": "seotube",
            "anonymous_pull_enabled": false,
            "data_endpoint_enabled": false,
            "encryption": [
              {
                "enabled": false,
                "identity_client_id": "",
                "key_vault_key_id": ""
              }
            ],
            "export_policy_enabled": true,
            "georeplications": [],
            "id": "/subscriptions/6c884425-f3cf-459a-939f-2f2c6868a3f2/resourceGroups/seotube/providers/Microsoft.ContainerRegistry/registries/seotube",
            "identity": [],
            "location": "koreacentral",
            "login_server": "seotube.azurecr.io",
            "name": "seotube",
            "network_rule_bypass_option": "AzureServices",
            "network_rule_set": [],
            "public_network_access_enabled": true,
            "quarantine_policy_enabled": false,
            "resource_group_name": "seotube",
            "retention_policy": [
              {
                "days": 7,
                "enabled": false
              }
            ],
            "sku": "Basic",
            "tags": {},
            "timeouts": null,
            "trust_policy": [
              {
                "enabled": false
              }
            ],
            "zone_redundancy_enabled": false
          },
          "sensitive_attributes": [],
          "private": "eyJlMmJmYjczMC1lY2FhLTExZTYtOGY4OC0zNDM2M2JjN2M0YzAiOnsiY3JlYXRlIjoxODAwMDAwMDAwMDAwLCJkZWxldGUiOjE4MDAwMDAwMDAwMDAsInJlYWQiOjMwMDAwMDAwMDAwMCwidXBkYXRlIjoxODAwMDAwMDAwMDAwfSwic2NoZW1hX3ZlcnNpb24iOiIyIn0=",
          "dependencies": [
            "azurerm_resource_group.seotube"
          ]
        }
      ]
    },
    {
      "mode": "managed",
      "type": "azurerm_kubernetes_cluster",
      "name": "cluster",
      "provider": "provider[\"registry.terraform.io/hashicorp/azurerm\"]",
      "instances": [
        {
          "schema_version": 2,
          "attributes": {
            "aci_connector_linux": [],
            "api_server_authorized_ip_ranges": [],
            "auto_scaler_profile": [],
            "automatic_channel_upgrade": "",
            "azure_active_directory_role_based_access_control": [],
            "azure_policy_enabled": false,
            "default_node_pool": [
              {
                "enable_auto_scaling": false,
                "enable_host_encryption": false,
                "enable_node_public_ip": false,
                "fips_enabled": false,
                "kubelet_config": [],
                "kubelet_disk_type": "OS",
                "linux_os_config": [],
                "max_count": 0,
                "max_pods": 110,
                "min_count": 0,
                "name": "default",
                "node_count": 1,
                "node_labels": {},
                "node_public_ip_prefix_id": "",
                "node_taints": [],
                "only_critical_addons_enabled": false,
                "orchestrator_version": "1.23.5",
                "os_disk_size_gb": 128,
                "os_disk_type": "Managed",
                "os_sku": "Ubuntu",
                "pod_subnet_id": "",
                "proximity_placement_group_id": "",
                "tags": {},
                "type": "VirtualMachineScaleSets",
                "ultra_ssd_enabled": false,
                "upgrade_settings": [],
                "vm_size": "Standard_B2ms",
                "vnet_subnet_id": "",
                "zones": []
              }
            ],
            "disk_encryption_set_id": "",
            "dns_prefix": "seotube",
            "dns_prefix_private_cluster": "",
            "enable_pod_security_policy": false,
            "fqdn": "seotube-39f3cf5a.hcp.koreacentral.azmk8s.io",
            "http_application_routing_enabled": false,
            "http_application_routing_zone_name": "",
            "http_proxy_config": [],
            "id": "/subscriptions/6c884425-f3cf-459a-939f-2f2c6868a3f2/resourceGroups/seotube/providers/Microsoft.ContainerService/managedClusters/seotube",
            "identity": [],
            "ingress_application_gateway": [],
            "key_vault_secrets_provider": [],
            "kube_admin_config": [],
            "kube_admin_config_raw": "",
            "kube_config": [
              {
                "client_certificate": "LS0tLS1CRUdJTiBDRVJUSUZJQ0FURS0tLS0tCk1JSUZIVENDQXdXZ0F3SUJBZ0lRWWE1YVBIdS9SZEJMQmpselhkVXFZREFOQmdrcWhraUc5dzBCQVFzRkFEQU4KTVFzd0NRWURWUVFERXdKallUQWVGdzB5TWpBM01qRXhOelUyTXpCYUZ3MHlOREEzTWpFeE9EQTJNekJhTURBeApGekFWQmdOVkJBb1REbk41YzNSbGJUcHRZWE4wWlhKek1SVXdFd1lEVlFRREV3eHRZWE4wWlhKamJHbGxiblF3CmdnSWlNQTBHQ1NxR1NJYjNEUUVCQVFVQUE0SUNEd0F3Z2dJS0FvSUNBUURtaTRDdDRzSjdjOWlGVkV5c2hJVGUKdTNqK0FBVy9kc3l1K1JsU2tDZnp1MnNoZm8rSGc5ZGtSRXloM0UvUXA4TU5lcE1MZ0Zqc1NCQU1oU0g1bXd4dgpFMmttSXNJbDdaQXJzOFltdHRrTkVNN2RJVkJIOGtXU0kvRXVPb24yRWpZVlpZV2NWSlJ1Zkh1UTBqTlV4NEU0CkdRcWh6TWU4cGFSUFo4VStYZjlwRW41blg5SWdSWjBJZ3NFWHpqaG1qWlkwcDVNcWNzS3FhdllyOGNwYkRreEwKbEtDaHdWQU5YelNYamFQNmNqUksya2dnZ050bXY1S01BYXV0K1JacS9HekQ2aVY4MW1wRVVraEdiUmhCZmNHdApiNzVzcXlWbXZxbUJScTIxVVBES20zaURIdXFkc01rVnZzN2ZkTUlsQTV2M3JVWjBPNDVlVzROcGpsak9DeWpVCndTSzdlTUt6OElrZmUxUjZXdlZXTTVpbURoZ3BjYk16aW1FQjlUeW1vbXhzaEZHVUEwRHpVU0taZXIvQm10YUcKSnk4QW5raG5MOU1QYXpKN3FWT2g5SFh0NTRTa1VtakhMYmlZYzZOL0FJMDhPWG1YWVh6bmhrZm1NdGptTUduVApYUWx5T2JQbmwrbEpxOTJGVDJDczRaM205S2o2a2FiTlh6b2tDR2JnNENFOXJtZThTN0pwNzF4bTFyWFNGMXBRClUzSWp4UUxOZEhGOGo0OXBtbUFLOXFYZi9TcmkyNTBBYXdieXFjcDF3bmp3ekIwU2pHNmVNVmxnend5bUtGdFMKOVNMVUNFUXd1bVlOeWpxYjVWUkpSZStHcXU2QnJRcGdEbkNWTHBZRUpJVEtFTHlsdGxZTnJDTXNFSi95RCtGaQowS0svM2RXd0NEU1c1ckpFNnYrNVNRSURBUUFCbzFZd1ZEQU9CZ05WSFE4QkFmOEVCQU1DQmFBd0V3WURWUjBsCkJBd3dDZ1lJS3dZQkJRVUhBd0l3REFZRFZSMFRBUUgvQkFJd0FEQWZCZ05WSFNNRUdEQVdnQlJ2Y3RwbXBrMjMKdUo4R2FHbG1sYkxwaW5NUFJ6QU5CZ2txaGtpRzl3MEJBUXNGQUFPQ0FnRUFXZmJuMEV3eHd6ZlVkelV2ZkM0WgpDOXdOSVV4V1NCQjlYeHZacklTODhlemxiSVVNbnRPdnJhSWs2MUtuSFlqVzVhbnZLaG9SaW9Gd3hvQU9RdUNVCi92d2lXbDR2TmVlZS9heDF0Q1V5YWVRN2dFMEttaStUQWRTM0ladWNkdEVieVIrMWNLLzgrQTUzemFvSXo0VXQKNFFjSVBOdWRZL0xQT2tLcGpJWVFMcFZPNlRDYy9qZVFrMkJKaE9IalFqODNTSnczUGxFV3BWR3A2TWlneHlTaQoyeGRFazFtRUxjVEx6WHdKM2RMOTZoUnk1SFhDTnZnUHBIZ3VLV01yQnNnYUdEbi9FR3dROVBuOE9OT0pGNmRBCnF0MENEOC85L200ZVVGMkNvMHBQZzhMRlF6VGtmL2czUC8wbWcvblR1dCt1UG5FQUdrS29ScDc1aHRzNGRuaXEKazJaN21OZ2E5UXU5UEdmaEJUR25qTEgrc1pFbFYzMmVSZldtUm5Jb25hYktQZ3VDTjhucUFQWnQ2enhpdXd0dQpTL1VoYXArZ1BueWp6Y3IwNlVDM1NwcFp1VjJwa3RhdlBrb0F4VU00TlVFTzRsYTVRcjhNZGdEOXNzckkzVklOCkVQcmIrZnNQRWk5Y2JCQXpML3JqTDFwTU44LzhqN0FRcTc0VXJxcTBPc3FFOWJRZG1jOTJLTG92U2wrRlVoVFQKUzNQcTdpcFFkM3djNE9ieWxNVlB0ODg0SFBUUXMvbTkxTlcwZHlxTE0wekZMUFBBK2R2WGFoaGJVdjY4VmlhbgpCKzZGWGd1NDFSdmQwMUpNczUraVh6NVpKYVFwdEJUSTVKZG0zdnhMc013ajRWaVMxNCtGVCs5eVdiTTlscFA3CnNIVVdaSlFoVnJnaS9VUElBbnNTNU9BPQotLS0tLUVORCBDRVJUSUZJQ0FURS0tLS0tCg==",
                "client_key": "LS0tLS1CRUdJTiBSU0EgUFJJVkFURSBLRVktLS0tLQpNSUlKS0FJQkFBS0NBZ0VBNW91QXJlTENlM1BZaFZSTXJJU0UzcnQ0L2dBRnYzYk1ydmtaVXBBbjg3dHJJWDZQCmg0UFhaRVJNb2R4UDBLZkREWHFUQzRCWTdFZ1FESVVoK1pzTWJ4TnBKaUxDSmUyUUs3UEdKcmJaRFJETzNTRlEKUi9KRmtpUHhManFKOWhJMkZXV0ZuRlNVYm54N2tOSXpWTWVCT0JrS29jekh2S1drVDJmRlBsMy9hUkorWjEvUwpJRVdkQ0lMQkY4NDRabzJXTktlVEtuTENxbXIySy9IS1d3NU1TNVNnb2NGUURWODBsNDJqK25JMFN0cElJSURiClpyK1NqQUdycmZrV2F2eHN3K29sZk5acVJGSklSbTBZUVgzQnJXKytiS3NsWnI2cGdVYXR0VkR3eXB0NGd4N3EKbmJESkZiN08zM1RDSlFPYjk2MUdkRHVPWGx1RGFZNVl6Z3NvMU1FaXUzakNzL0NKSDN0VWVscjFWak9ZcGc0WQpLWEd6TTRwaEFmVThwcUpzYklSUmxBTkE4MUVpbVhxL3dacldoaWN2QUo1SVp5L1REMnN5ZTZsVG9mUjE3ZWVFCnBGSm94eTI0bUhPamZ3Q05QRGw1bDJGODU0Wkg1akxZNWpCcDAxMEpjam16NTVmcFNhdmRoVTlnck9HZDV2U28KK3BHbXpWODZKQWhtNE9BaFBhNW52RXV5YWU5Y1p0YTEwaGRhVUZOeUk4VUN6WFJ4ZkkrUGFacGdDdmFsMy8wcQo0dHVkQUdzRzhxbktkY0o0OE13ZEVveHVuakZaWU04TXBpaGJVdlVpMUFoRU1McG1EY282bStWVVNVWHZocXJ1CmdhMEtZQTV3bFM2V0JDU0V5aEM4cGJaV0Rhd2pMQkNmOGcvaFl0Q2l2OTNWc0FnMGx1YXlST3IvdVVrQ0F3RUEKQVFLQ0FnQnhYK2MvSEFXeU9rMGZmRTVjaEtybThlRFZZR056UGRQNHRDMTh5Y0dyL2QzNFVjbjV4WjlXQXJTQQo0TndyYTJUanF3VEhJaTRZdkhPUUJLU3BvRk1rQ0xLcisybm94d1FnU2I5SGFLSWk1OElqUXUrOUFlcXVySmc5CnVMSUIzZ0RVMHVFNitPa3AwSFBmeTA5TkFQT09COXFQcVNvTW5wVElLK3IyK2JqU0RqTTFXUXozcStSR3ZDNkQKSzNuWERRZnlDdnEzWkVwUkRsclRUNHZJN2FZZGdSRGhtelJuN3dycEFOSEVKd2VLVEFBdVk5QUJubkpPQWNCUQp4TzcrVy9hTS9nZkRkWm82MFJBVCtqQjBmSWlUWnlHSlJUMFdZdXJ1MVRnMXM0RkcwZUFZODBwRGxCMi9ZTjlSClNwVHpLT3c1aCsvZTF5N3pQaVBJOUNTOTV3VURkSXd5cENlNWhkbVhEWFloKzVuRVJ4ajRxQm5HVjlXTDh2a2oKMk1hNkFnczlCNUdtUUZ4V2lMMGpYQUlyTTBUazNPYzBKWlIxZHNTZFRxQ0J0YUlkSWljN1pLZTlPTjdhVTNkQwpSbXFMWTN6dGpjdVJZZkM5TzYybkUrcXg5M09PbDJLTHNqQ3ZjQUN2d3FpVHRBc1Y1d0RiZ2VHVkZUTTd1UVdxCkM3UFFacXFTNDZvOXBGaktCR1FMczhYbFFWU244T2hNYVdvU0N3dzdLSDNsQzVBMGV5VEhPYVowZmg0azJGLzUKVTd2S1RLV3lmSDdKNVJNWVA1K3dlcHNKbXhwc3lySGpPRWtUTHJ0YnJVaEQzWDNhL1BCSzAveWlCSGV6SlZHTQpBd0lpOWNBbnRrYTRoYW9qcFpSQzN0d1VkazNRbVBxZkgzY1dmSWt3b2l6NktVTjI1UUtDQVFFQStwNElaNnB3Ck1ma3ZLSXZUOXFGUEdvcVlkSzFkR0pmbkt1OWxJUndHUVlwOHhIVkFVZEFRQll4Y1MwbnY0Y0xlQUV5eUZDN0cKMXdYbkhid1VGQ0dKREsvMVZjaVNoZFNLQlkydXVwMTMySmlJWU5udFR4YkNueEVLUzJYNHB3M2VVQTJGYm1kTApLeTFGSTMxQUNHNFppTDh5MEtuVGRabzE5aDlZbXZtWVBHWm0wb1dNbXZWd1pFaUpta0wyVGZqQTFUQXFZTU5oCmN4ZjRIdnR1SWdIcnNTMktZUmpPaGsrdEIrOTV3SjRWalZ2L3JyT0NwSWl3RGNtTWJMWkJQZmZSRlorK1JmbnIKV0UzMk1kVTNhNm1YL0pldW5ONjhpLzMyWHBETnBGK0lUcUdVTFVwWnRjNUU1Zjk4Q1B3OEZ2alNRTEYzZGUzWQpqN1lEeEk3QWVzeGRyd0tDQVFFQTYzOGJJcDFPbnplNUMrblpUVDFOcG1yU3ZXdUtsdndWWE1JZ09aakNyOC9QClJYdWs3WDZYTlFmcHFYUjVwVkEvQnB4RmhwT1R5WFZrbE04MjRkY3ltVzljeGVtRmNFK05oL3MxWEMxcmJCc0wKTnhVdWsxamt3a1dHSlM5Wk1tck5lbmFwZUZSNFF4UmRCbEh3TTNUc1YzRXI0c0pDeFBVNUtia2dBdDdjdEVKKwovV1VLRnp1MmdHalF4bFpOZTdLZVIyUjErVzZxQmtXeWtWLzdiVVRpNnA5Q3lmWDFvdVRKUUYralpLWVdxbytEClRKbTM2SjcreWozVTQrRFpoUjhEcWMrWUd0SjhDSnd6RXRNTDdVZ1pKeUUyZVJlTDNiZHlyYk05VXhZTlZNbFkKQ21WeVN3QU1sRG12eEVvMGJKOUdJdlBsTS83VVhpNXJRNFRicVFGT2h3S0NBUUE0d0xyVWh2TTdUZHVSQ2dFcApFNlJ2TlQyTEJvdFRlMnE4L1ZOZ2FSRTluRmZld1ZLY2RFcDhoeW1MWHlYMGNRV0crZGRGM01Yb2dZeXgzaHFKCjZJSTVua3NuYnZGSFh6Y1dSTnh4cENFMHFtNFB5S29Gdy9pMHZzNGUvdXVOSVFYY0NRUFRXWTdiS3poQjdpWW4KQW8vRHVOQ1FFalV4cDRkYXdnUjFxOW4rcTQzVFZLemZsbjhxSm9jS3FPbFFCT25lSFRjcmpITXY5aGlaSTRUdwpMSkVzSVV6NTZmMHl5eTQ2NHM4bWdHWVBDZXRmcTRVRkwzTDIzRkp4ZCtCVVlSODNEMkt1UkFjNGl3Y2FoOWN5CkNVakN5YktnRVl5UEF5YmNpVndZUWc0RENISWV3M3lIUUR1My9lQWZ4TWJ5eU13TUhHUWFENCtBRTg3TW55c1YKWTl3L0FvSUJBRzgrRmFWZVJidDBhUmMxbWc2Z2ZNTzJCbUt3SUVGK1J1RVFXb1Nhb3F6R0w1VVUrUzJ1OU9KNgpJR2lKdXNUYWlVc29HcmVka3R4QmRnZk5jcEZ3UkZpeWdGS0ZJeUdRa3J5L2I4OWhMVE5kK3doRUcwSkRaWnhYCmx5eU5sMGIzcUtURzFQc2dlOGJFSWNWUWczVHJNSkdGeGtOUm5KVEplZjA1aytPSFB4NXZvdWswQjNZK0lORzcKc1pOZlJTNi9pNEVSOWFDa0kvRGVqNkdZZzM1MFlmU08wcy93UGQ1NjBJNTJId3IyWWhLanhGUTA4T2tUNGl2SwoxWHZueFJqYk03SE5mSDUvRzFROTVPcHBnMkxOQWdTMzdiRjU2L29LSkVQbFBYeTRHQWdMTEdtTXpsYWJhVlhECmdrSHBBNmFqL2srWWdwYnpNNEpoencyUC91dHcwSlVDZ2dFQkFNOGxQN0xQZ3RMRWlNTE14enl1Q3k4bFRnOU4Kd3JuWGxWOUVFUWlVcGpCUHpqQ2tQOFEzYlQyVDZxaS80VmpnZ2pIYlZDRVJUWnFmQy9BdExaM29sNlVIVE9TMApPSWtWUXRNcG9ML0NVS0Zqc0V5ZS9XeUpnbTJYTDVnWGVWK2thM2psM0RQb0JTaUsvTkFJYjBUUi9WY2p0ZDNXCkxNRjZnZFQ4aHlBdWJZWjVYeDBxUmVmcmM1M0xBVGUvam1EZk1pdkpURVYxcEtSK3JZeHVjWkdvV1BwWjRyQUMKSWx6U2RFcmNTcGMwaXcvT1E2M2I1Mmc0NmFUeFpwa2Ewc3Q1dWFmVlZKdGx6N2J0YXd4VEQ4NFZxWWVPeDVoTgp0OGZoSVVSUnRrK2VtV1AvMDZ5djBZclh6UkJNUENoY2toMEpXK1JOT3ZiZHFhK2t6RllRRkM1UThQUT0KLS0tLS1FTkQgUlNBIFBSSVZBVEUgS0VZLS0tLS0K",
                "cluster_ca_certificate": "LS0tLS1CRUdJTiBDRVJUSUZJQ0FURS0tLS0tCk1JSUU2RENDQXRDZ0F3SUJBZ0lRQXNjQS9zUGo3OXd3bGsxbUhwV21RVEFOQmdrcWhraUc5dzBCQVFzRkFEQU4KTVFzd0NRWURWUVFERXdKallUQWdGdzB5TWpBM01qRXhOelUyTWpsYUdBOHlNRFV5TURjeU1URTRNRFl5T1ZvdwpEVEVMTUFrR0ExVUVBeE1DWTJFd2dnSWlNQTBHQ1NxR1NJYjNEUUVCQVFVQUE0SUNEd0F3Z2dJS0FvSUNBUUM4Cm51TUJLcHZyWjk2Y1d0cmNrWUZEalFsdnhta0NaWU8rZXB6MGtHZHFKcHNzMDVQM1Q5eG4xUFRtZXZ6N2J0NFoKNi95ZjdYa25KNTllSVFpUytvZUh6QXl5TkJWczhpN3duNFVVamRhQTVFR0xUclZQY1lRTXNLNWoyWGxaWXlyegpFdlhteFJJNC9GdnVsVEpFQ3RKY2phV1FvWWovL29CZGhKS09weDU5amdlaTRLK1pZZHR1ZFpidmJ1cUp1Qm12CjdqbDB2V3Jwa3JrT01hOE5YcEtCWXMyM0cwQnZQU0Q5clUyUFlXWGJiTzF2STMwb1dhOWJxV0xWWmYvdGJ6dGEKRGxUY1U1TkgzS0JzbWJTam5hTWgwZmVWMlFzVGcweTJJSUJBU2VONHFRSzZkYmNFWExhRmFxekd0Y2VxYkswawpmTHJvZG9wbHIxNEl4U1RkWlRkUTBMMU1odVgvNW1OYmpQVzRzcU9iNmpZbUdyazlpSVhPem5kM2NaUCtRNWZ1ClJST1FJOXBteC9UNWFPNlppSFhFUmNDNmZYcHdCVVJkbXRiSXh1U2lBY29zdVlVa3Ivc2FqSDVBZlpuU3hFUk8Kek81ZThZWitnZmpJOTV3emRmYTU4VnFhVjJYZjZhdlJ2dXYrYisxUlVuVjBteC9GcWI3bEFmWHMwYUJaNnlJLwoyVnZDSkpYLy9hS3pwQlpEOS9iSmlSZ0psNjJreXZnN1ZldmR3UUIzMnJEcTdlL2FmZHUwSDNSOENPcWdmQzJECk9QOHFvS1hsYm9aa0x0dUI3S1FZNXNpV3BNVzhuZHdqNmpoYThUUzZDcWtNaVFNRnNvZnVDZFRzUGRjMncyanIKTjdFcDdPRlJTS2dDTjh3aHU1cCtVUms3ZGIzaE8xTmRzWkVKM1FQWFh3SURBUUFCbzBJd1FEQU9CZ05WSFE4QgpBZjhFQkFNQ0FxUXdEd1lEVlIwVEFRSC9CQVV3QXdFQi96QWRCZ05WSFE0RUZnUVViM0xhWnFaTnQ3aWZCbWhwClpwV3k2WXB6RDBjd0RRWUpLb1pJaHZjTkFRRUxCUUFEZ2dJQkFJMjQzTURRdmpmaTZMOVR3NHc4YWFpOENIckYKUnNYRGtwY1FxN1Y3RlRXSk5GYWJzQXNHNjkzcHhKbDFXMnB5aXFyMUNDcGtKTVBaeCsyTlRlV2prQkJXTFZvOQp2UHFIVG1RcjlieHJMenZHTEdQRUtLN3ZUenhZUHZXUUZDQ1VjYi9USlh6cGtxTElrUUhmUlJ0dW9OQ2ZzMEdaCkxWcFlTS3JDbENkeTBkVVc2RVhHaDEraGo2QzFRYzcvUjlPaE9pNnRFY01WZFNMVDY2ZHlrOSt5Qm5kb3BCWmYKRndSQ0ZKdnNWMGx0MU5YU0FsTzcyaE45SEhYN0ZNbGorelBvWDRLcFgzckFKUm8zYXVDbERIZlJwSDN5Smo0bgpwb09ONms5TGZSaURyZ3ozbmNLYytlaGlPWTd5MFVpNEJJY3l0L0VqUEdYVmxRZURwUlRTOFBJdjhlQVdDU1R2CmFaSmx6OWJXR21WL2pWVkVheXdlYUdad3NvTWtzdU9yWnQwZDZRZXZDUk5pcWJMUTlHUU05MTlkcW1sTG5WUGwKcWNBMHY3YTBxbkMxbWJSZVllRDFzWmhMOU91eWtZWTMyb0s1TEREa2VmemkvWmhCK3YvN045bU9PclFrMFRIVwpwYUdVNGh2UTN4aHNvbjlDWWpGQ1U5b2FSSE8vNElpeVN0STJLdUpCcHpiN0RXY2RWbDFSZ3pPREcrYUtCNVhqCm1ZMnpVb3h5MGFxM3NpaXE0UnpTbFNJY3RoQVNCN1M1ZnU0RjMzTFJtZjIvVjFKRlNiYk9XRGNBYkZRbVU3eU0KYlU1dEE0ZVd6VjRRS1Q2bkc5WHRpcW9UdUQzanovaFZiM2tDeWluVnFZa3ByaGhiU0JLRXNhU3V4NXNkeWo0QQpVMmZqMzZyQlU0UXZlTjN4Ci0tLS0tRU5EIENFUlRJRklDQVRFLS0tLS0K",
                "host": "https://seotube-39f3cf5a.hcp.koreacentral.azmk8s.io:443",
                "password": "66d5d9c0744984686da73fc2dd712bbdc21dabfd955c22cdc8dadc74a74df37b556287a3f3ac56a6836cf6e1791f048b1c08d9e0d6237743ebe4fa06ad505269",
                "username": "clusterUser_seotube_seotube"
              }
            ],
            "kube_config_raw": "apiVersion: v1\nclusters:\n- cluster:\n    certificate-authority-data: LS0tLS1CRUdJTiBDRVJUSUZJQ0FURS0tLS0tCk1JSUU2RENDQXRDZ0F3SUJBZ0lRQXNjQS9zUGo3OXd3bGsxbUhwV21RVEFOQmdrcWhraUc5dzBCQVFzRkFEQU4KTVFzd0NRWURWUVFERXdKallUQWdGdzB5TWpBM01qRXhOelUyTWpsYUdBOHlNRFV5TURjeU1URTRNRFl5T1ZvdwpEVEVMTUFrR0ExVUVBeE1DWTJFd2dnSWlNQTBHQ1NxR1NJYjNEUUVCQVFVQUE0SUNEd0F3Z2dJS0FvSUNBUUM4Cm51TUJLcHZyWjk2Y1d0cmNrWUZEalFsdnhta0NaWU8rZXB6MGtHZHFKcHNzMDVQM1Q5eG4xUFRtZXZ6N2J0NFoKNi95ZjdYa25KNTllSVFpUytvZUh6QXl5TkJWczhpN3duNFVVamRhQTVFR0xUclZQY1lRTXNLNWoyWGxaWXlyegpFdlhteFJJNC9GdnVsVEpFQ3RKY2phV1FvWWovL29CZGhKS09weDU5amdlaTRLK1pZZHR1ZFpidmJ1cUp1Qm12CjdqbDB2V3Jwa3JrT01hOE5YcEtCWXMyM0cwQnZQU0Q5clUyUFlXWGJiTzF2STMwb1dhOWJxV0xWWmYvdGJ6dGEKRGxUY1U1TkgzS0JzbWJTam5hTWgwZmVWMlFzVGcweTJJSUJBU2VONHFRSzZkYmNFWExhRmFxekd0Y2VxYkswawpmTHJvZG9wbHIxNEl4U1RkWlRkUTBMMU1odVgvNW1OYmpQVzRzcU9iNmpZbUdyazlpSVhPem5kM2NaUCtRNWZ1ClJST1FJOXBteC9UNWFPNlppSFhFUmNDNmZYcHdCVVJkbXRiSXh1U2lBY29zdVlVa3Ivc2FqSDVBZlpuU3hFUk8Kek81ZThZWitnZmpJOTV3emRmYTU4VnFhVjJYZjZhdlJ2dXYrYisxUlVuVjBteC9GcWI3bEFmWHMwYUJaNnlJLwoyVnZDSkpYLy9hS3pwQlpEOS9iSmlSZ0psNjJreXZnN1ZldmR3UUIzMnJEcTdlL2FmZHUwSDNSOENPcWdmQzJECk9QOHFvS1hsYm9aa0x0dUI3S1FZNXNpV3BNVzhuZHdqNmpoYThUUzZDcWtNaVFNRnNvZnVDZFRzUGRjMncyanIKTjdFcDdPRlJTS2dDTjh3aHU1cCtVUms3ZGIzaE8xTmRzWkVKM1FQWFh3SURBUUFCbzBJd1FEQU9CZ05WSFE4QgpBZjhFQkFNQ0FxUXdEd1lEVlIwVEFRSC9CQVV3QXdFQi96QWRCZ05WSFE0RUZnUVViM0xhWnFaTnQ3aWZCbWhwClpwV3k2WXB6RDBjd0RRWUpLb1pJaHZjTkFRRUxCUUFEZ2dJQkFJMjQzTURRdmpmaTZMOVR3NHc4YWFpOENIckYKUnNYRGtwY1FxN1Y3RlRXSk5GYWJzQXNHNjkzcHhKbDFXMnB5aXFyMUNDcGtKTVBaeCsyTlRlV2prQkJXTFZvOQp2UHFIVG1RcjlieHJMenZHTEdQRUtLN3ZUenhZUHZXUUZDQ1VjYi9USlh6cGtxTElrUUhmUlJ0dW9OQ2ZzMEdaCkxWcFlTS3JDbENkeTBkVVc2RVhHaDEraGo2QzFRYzcvUjlPaE9pNnRFY01WZFNMVDY2ZHlrOSt5Qm5kb3BCWmYKRndSQ0ZKdnNWMGx0MU5YU0FsTzcyaE45SEhYN0ZNbGorelBvWDRLcFgzckFKUm8zYXVDbERIZlJwSDN5Smo0bgpwb09ONms5TGZSaURyZ3ozbmNLYytlaGlPWTd5MFVpNEJJY3l0L0VqUEdYVmxRZURwUlRTOFBJdjhlQVdDU1R2CmFaSmx6OWJXR21WL2pWVkVheXdlYUdad3NvTWtzdU9yWnQwZDZRZXZDUk5pcWJMUTlHUU05MTlkcW1sTG5WUGwKcWNBMHY3YTBxbkMxbWJSZVllRDFzWmhMOU91eWtZWTMyb0s1TEREa2VmemkvWmhCK3YvN045bU9PclFrMFRIVwpwYUdVNGh2UTN4aHNvbjlDWWpGQ1U5b2FSSE8vNElpeVN0STJLdUpCcHpiN0RXY2RWbDFSZ3pPREcrYUtCNVhqCm1ZMnpVb3h5MGFxM3NpaXE0UnpTbFNJY3RoQVNCN1M1ZnU0RjMzTFJtZjIvVjFKRlNiYk9XRGNBYkZRbVU3eU0KYlU1dEE0ZVd6VjRRS1Q2bkc5WHRpcW9UdUQzanovaFZiM2tDeWluVnFZa3ByaGhiU0JLRXNhU3V4NXNkeWo0QQpVMmZqMzZyQlU0UXZlTjN4Ci0tLS0tRU5EIENFUlRJRklDQVRFLS0tLS0K\n    server: https://seotube-39f3cf5a.hcp.koreacentral.azmk8s.io:443\n  name: seotube\ncontexts:\n- context:\n    cluster: seotube\n    user: clusterUser_seotube_seotube\n  name: seotube\ncurrent-context: seotube\nkind: Config\npreferences: {}\nusers:\n- name: clusterUser_seotube_seotube\n  user:\n    client-certificate-data: LS0tLS1CRUdJTiBDRVJUSUZJQ0FURS0tLS0tCk1JSUZIVENDQXdXZ0F3SUJBZ0lRWWE1YVBIdS9SZEJMQmpselhkVXFZREFOQmdrcWhraUc5dzBCQVFzRkFEQU4KTVFzd0NRWURWUVFERXdKallUQWVGdzB5TWpBM01qRXhOelUyTXpCYUZ3MHlOREEzTWpFeE9EQTJNekJhTURBeApGekFWQmdOVkJBb1REbk41YzNSbGJUcHRZWE4wWlhKek1SVXdFd1lEVlFRREV3eHRZWE4wWlhKamJHbGxiblF3CmdnSWlNQTBHQ1NxR1NJYjNEUUVCQVFVQUE0SUNEd0F3Z2dJS0FvSUNBUURtaTRDdDRzSjdjOWlGVkV5c2hJVGUKdTNqK0FBVy9kc3l1K1JsU2tDZnp1MnNoZm8rSGc5ZGtSRXloM0UvUXA4TU5lcE1MZ0Zqc1NCQU1oU0g1bXd4dgpFMmttSXNJbDdaQXJzOFltdHRrTkVNN2RJVkJIOGtXU0kvRXVPb24yRWpZVlpZV2NWSlJ1Zkh1UTBqTlV4NEU0CkdRcWh6TWU4cGFSUFo4VStYZjlwRW41blg5SWdSWjBJZ3NFWHpqaG1qWlkwcDVNcWNzS3FhdllyOGNwYkRreEwKbEtDaHdWQU5YelNYamFQNmNqUksya2dnZ050bXY1S01BYXV0K1JacS9HekQ2aVY4MW1wRVVraEdiUmhCZmNHdApiNzVzcXlWbXZxbUJScTIxVVBES20zaURIdXFkc01rVnZzN2ZkTUlsQTV2M3JVWjBPNDVlVzROcGpsak9DeWpVCndTSzdlTUt6OElrZmUxUjZXdlZXTTVpbURoZ3BjYk16aW1FQjlUeW1vbXhzaEZHVUEwRHpVU0taZXIvQm10YUcKSnk4QW5raG5MOU1QYXpKN3FWT2g5SFh0NTRTa1VtakhMYmlZYzZOL0FJMDhPWG1YWVh6bmhrZm1NdGptTUduVApYUWx5T2JQbmwrbEpxOTJGVDJDczRaM205S2o2a2FiTlh6b2tDR2JnNENFOXJtZThTN0pwNzF4bTFyWFNGMXBRClUzSWp4UUxOZEhGOGo0OXBtbUFLOXFYZi9TcmkyNTBBYXdieXFjcDF3bmp3ekIwU2pHNmVNVmxnend5bUtGdFMKOVNMVUNFUXd1bVlOeWpxYjVWUkpSZStHcXU2QnJRcGdEbkNWTHBZRUpJVEtFTHlsdGxZTnJDTXNFSi95RCtGaQowS0svM2RXd0NEU1c1ckpFNnYrNVNRSURBUUFCbzFZd1ZEQU9CZ05WSFE4QkFmOEVCQU1DQmFBd0V3WURWUjBsCkJBd3dDZ1lJS3dZQkJRVUhBd0l3REFZRFZSMFRBUUgvQkFJd0FEQWZCZ05WSFNNRUdEQVdnQlJ2Y3RwbXBrMjMKdUo4R2FHbG1sYkxwaW5NUFJ6QU5CZ2txaGtpRzl3MEJBUXNGQUFPQ0FnRUFXZmJuMEV3eHd6ZlVkelV2ZkM0WgpDOXdOSVV4V1NCQjlYeHZacklTODhlemxiSVVNbnRPdnJhSWs2MUtuSFlqVzVhbnZLaG9SaW9Gd3hvQU9RdUNVCi92d2lXbDR2TmVlZS9heDF0Q1V5YWVRN2dFMEttaStUQWRTM0ladWNkdEVieVIrMWNLLzgrQTUzemFvSXo0VXQKNFFjSVBOdWRZL0xQT2tLcGpJWVFMcFZPNlRDYy9qZVFrMkJKaE9IalFqODNTSnczUGxFV3BWR3A2TWlneHlTaQoyeGRFazFtRUxjVEx6WHdKM2RMOTZoUnk1SFhDTnZnUHBIZ3VLV01yQnNnYUdEbi9FR3dROVBuOE9OT0pGNmRBCnF0MENEOC85L200ZVVGMkNvMHBQZzhMRlF6VGtmL2czUC8wbWcvblR1dCt1UG5FQUdrS29ScDc1aHRzNGRuaXEKazJaN21OZ2E5UXU5UEdmaEJUR25qTEgrc1pFbFYzMmVSZldtUm5Jb25hYktQZ3VDTjhucUFQWnQ2enhpdXd0dQpTL1VoYXArZ1BueWp6Y3IwNlVDM1NwcFp1VjJwa3RhdlBrb0F4VU00TlVFTzRsYTVRcjhNZGdEOXNzckkzVklOCkVQcmIrZnNQRWk5Y2JCQXpML3JqTDFwTU44LzhqN0FRcTc0VXJxcTBPc3FFOWJRZG1jOTJLTG92U2wrRlVoVFQKUzNQcTdpcFFkM3djNE9ieWxNVlB0ODg0SFBUUXMvbTkxTlcwZHlxTE0wekZMUFBBK2R2WGFoaGJVdjY4VmlhbgpCKzZGWGd1NDFSdmQwMUpNczUraVh6NVpKYVFwdEJUSTVKZG0zdnhMc013ajRWaVMxNCtGVCs5eVdiTTlscFA3CnNIVVdaSlFoVnJnaS9VUElBbnNTNU9BPQotLS0tLUVORCBDRVJUSUZJQ0FURS0tLS0tCg==\n    client-key-data: LS0tLS1CRUdJTiBSU0EgUFJJVkFURSBLRVktLS0tLQpNSUlKS0FJQkFBS0NBZ0VBNW91QXJlTENlM1BZaFZSTXJJU0UzcnQ0L2dBRnYzYk1ydmtaVXBBbjg3dHJJWDZQCmg0UFhaRVJNb2R4UDBLZkREWHFUQzRCWTdFZ1FESVVoK1pzTWJ4TnBKaUxDSmUyUUs3UEdKcmJaRFJETzNTRlEKUi9KRmtpUHhManFKOWhJMkZXV0ZuRlNVYm54N2tOSXpWTWVCT0JrS29jekh2S1drVDJmRlBsMy9hUkorWjEvUwpJRVdkQ0lMQkY4NDRabzJXTktlVEtuTENxbXIySy9IS1d3NU1TNVNnb2NGUURWODBsNDJqK25JMFN0cElJSURiClpyK1NqQUdycmZrV2F2eHN3K29sZk5acVJGSklSbTBZUVgzQnJXKytiS3NsWnI2cGdVYXR0VkR3eXB0NGd4N3EKbmJESkZiN08zM1RDSlFPYjk2MUdkRHVPWGx1RGFZNVl6Z3NvMU1FaXUzakNzL0NKSDN0VWVscjFWak9ZcGc0WQpLWEd6TTRwaEFmVThwcUpzYklSUmxBTkE4MUVpbVhxL3dacldoaWN2QUo1SVp5L1REMnN5ZTZsVG9mUjE3ZWVFCnBGSm94eTI0bUhPamZ3Q05QRGw1bDJGODU0Wkg1akxZNWpCcDAxMEpjam16NTVmcFNhdmRoVTlnck9HZDV2U28KK3BHbXpWODZKQWhtNE9BaFBhNW52RXV5YWU5Y1p0YTEwaGRhVUZOeUk4VUN6WFJ4ZkkrUGFacGdDdmFsMy8wcQo0dHVkQUdzRzhxbktkY0o0OE13ZEVveHVuakZaWU04TXBpaGJVdlVpMUFoRU1McG1EY282bStWVVNVWHZocXJ1CmdhMEtZQTV3bFM2V0JDU0V5aEM4cGJaV0Rhd2pMQkNmOGcvaFl0Q2l2OTNWc0FnMGx1YXlST3IvdVVrQ0F3RUEKQVFLQ0FnQnhYK2MvSEFXeU9rMGZmRTVjaEtybThlRFZZR056UGRQNHRDMTh5Y0dyL2QzNFVjbjV4WjlXQXJTQQo0TndyYTJUanF3VEhJaTRZdkhPUUJLU3BvRk1rQ0xLcisybm94d1FnU2I5SGFLSWk1OElqUXUrOUFlcXVySmc5CnVMSUIzZ0RVMHVFNitPa3AwSFBmeTA5TkFQT09COXFQcVNvTW5wVElLK3IyK2JqU0RqTTFXUXozcStSR3ZDNkQKSzNuWERRZnlDdnEzWkVwUkRsclRUNHZJN2FZZGdSRGhtelJuN3dycEFOSEVKd2VLVEFBdVk5QUJubkpPQWNCUQp4TzcrVy9hTS9nZkRkWm82MFJBVCtqQjBmSWlUWnlHSlJUMFdZdXJ1MVRnMXM0RkcwZUFZODBwRGxCMi9ZTjlSClNwVHpLT3c1aCsvZTF5N3pQaVBJOUNTOTV3VURkSXd5cENlNWhkbVhEWFloKzVuRVJ4ajRxQm5HVjlXTDh2a2oKMk1hNkFnczlCNUdtUUZ4V2lMMGpYQUlyTTBUazNPYzBKWlIxZHNTZFRxQ0J0YUlkSWljN1pLZTlPTjdhVTNkQwpSbXFMWTN6dGpjdVJZZkM5TzYybkUrcXg5M09PbDJLTHNqQ3ZjQUN2d3FpVHRBc1Y1d0RiZ2VHVkZUTTd1UVdxCkM3UFFacXFTNDZvOXBGaktCR1FMczhYbFFWU244T2hNYVdvU0N3dzdLSDNsQzVBMGV5VEhPYVowZmg0azJGLzUKVTd2S1RLV3lmSDdKNVJNWVA1K3dlcHNKbXhwc3lySGpPRWtUTHJ0YnJVaEQzWDNhL1BCSzAveWlCSGV6SlZHTQpBd0lpOWNBbnRrYTRoYW9qcFpSQzN0d1VkazNRbVBxZkgzY1dmSWt3b2l6NktVTjI1UUtDQVFFQStwNElaNnB3Ck1ma3ZLSXZUOXFGUEdvcVlkSzFkR0pmbkt1OWxJUndHUVlwOHhIVkFVZEFRQll4Y1MwbnY0Y0xlQUV5eUZDN0cKMXdYbkhid1VGQ0dKREsvMVZjaVNoZFNLQlkydXVwMTMySmlJWU5udFR4YkNueEVLUzJYNHB3M2VVQTJGYm1kTApLeTFGSTMxQUNHNFppTDh5MEtuVGRabzE5aDlZbXZtWVBHWm0wb1dNbXZWd1pFaUpta0wyVGZqQTFUQXFZTU5oCmN4ZjRIdnR1SWdIcnNTMktZUmpPaGsrdEIrOTV3SjRWalZ2L3JyT0NwSWl3RGNtTWJMWkJQZmZSRlorK1JmbnIKV0UzMk1kVTNhNm1YL0pldW5ONjhpLzMyWHBETnBGK0lUcUdVTFVwWnRjNUU1Zjk4Q1B3OEZ2alNRTEYzZGUzWQpqN1lEeEk3QWVzeGRyd0tDQVFFQTYzOGJJcDFPbnplNUMrblpUVDFOcG1yU3ZXdUtsdndWWE1JZ09aakNyOC9QClJYdWs3WDZYTlFmcHFYUjVwVkEvQnB4RmhwT1R5WFZrbE04MjRkY3ltVzljeGVtRmNFK05oL3MxWEMxcmJCc0wKTnhVdWsxamt3a1dHSlM5Wk1tck5lbmFwZUZSNFF4UmRCbEh3TTNUc1YzRXI0c0pDeFBVNUtia2dBdDdjdEVKKwovV1VLRnp1MmdHalF4bFpOZTdLZVIyUjErVzZxQmtXeWtWLzdiVVRpNnA5Q3lmWDFvdVRKUUYralpLWVdxbytEClRKbTM2SjcreWozVTQrRFpoUjhEcWMrWUd0SjhDSnd6RXRNTDdVZ1pKeUUyZVJlTDNiZHlyYk05VXhZTlZNbFkKQ21WeVN3QU1sRG12eEVvMGJKOUdJdlBsTS83VVhpNXJRNFRicVFGT2h3S0NBUUE0d0xyVWh2TTdUZHVSQ2dFcApFNlJ2TlQyTEJvdFRlMnE4L1ZOZ2FSRTluRmZld1ZLY2RFcDhoeW1MWHlYMGNRV0crZGRGM01Yb2dZeXgzaHFKCjZJSTVua3NuYnZGSFh6Y1dSTnh4cENFMHFtNFB5S29Gdy9pMHZzNGUvdXVOSVFYY0NRUFRXWTdiS3poQjdpWW4KQW8vRHVOQ1FFalV4cDRkYXdnUjFxOW4rcTQzVFZLemZsbjhxSm9jS3FPbFFCT25lSFRjcmpITXY5aGlaSTRUdwpMSkVzSVV6NTZmMHl5eTQ2NHM4bWdHWVBDZXRmcTRVRkwzTDIzRkp4ZCtCVVlSODNEMkt1UkFjNGl3Y2FoOWN5CkNVakN5YktnRVl5UEF5YmNpVndZUWc0RENISWV3M3lIUUR1My9lQWZ4TWJ5eU13TUhHUWFENCtBRTg3TW55c1YKWTl3L0FvSUJBRzgrRmFWZVJidDBhUmMxbWc2Z2ZNTzJCbUt3SUVGK1J1RVFXb1Nhb3F6R0w1VVUrUzJ1OU9KNgpJR2lKdXNUYWlVc29HcmVka3R4QmRnZk5jcEZ3UkZpeWdGS0ZJeUdRa3J5L2I4OWhMVE5kK3doRUcwSkRaWnhYCmx5eU5sMGIzcUtURzFQc2dlOGJFSWNWUWczVHJNSkdGeGtOUm5KVEplZjA1aytPSFB4NXZvdWswQjNZK0lORzcKc1pOZlJTNi9pNEVSOWFDa0kvRGVqNkdZZzM1MFlmU08wcy93UGQ1NjBJNTJId3IyWWhLanhGUTA4T2tUNGl2SwoxWHZueFJqYk03SE5mSDUvRzFROTVPcHBnMkxOQWdTMzdiRjU2L29LSkVQbFBYeTRHQWdMTEdtTXpsYWJhVlhECmdrSHBBNmFqL2srWWdwYnpNNEpoencyUC91dHcwSlVDZ2dFQkFNOGxQN0xQZ3RMRWlNTE14enl1Q3k4bFRnOU4Kd3JuWGxWOUVFUWlVcGpCUHpqQ2tQOFEzYlQyVDZxaS80VmpnZ2pIYlZDRVJUWnFmQy9BdExaM29sNlVIVE9TMApPSWtWUXRNcG9ML0NVS0Zqc0V5ZS9XeUpnbTJYTDVnWGVWK2thM2psM0RQb0JTaUsvTkFJYjBUUi9WY2p0ZDNXCkxNRjZnZFQ4aHlBdWJZWjVYeDBxUmVmcmM1M0xBVGUvam1EZk1pdkpURVYxcEtSK3JZeHVjWkdvV1BwWjRyQUMKSWx6U2RFcmNTcGMwaXcvT1E2M2I1Mmc0NmFUeFpwa2Ewc3Q1dWFmVlZKdGx6N2J0YXd4VEQ4NFZxWWVPeDVoTgp0OGZoSVVSUnRrK2VtV1AvMDZ5djBZclh6UkJNUENoY2toMEpXK1JOT3ZiZHFhK2t6RllRRkM1UThQUT0KLS0tLS1FTkQgUlNBIFBSSVZBVEUgS0VZLS0tLS0K\n    token: 66d5d9c0744984686da73fc2dd712bbdc21dabfd955c22cdc8dadc74a74df37b556287a3f3ac56a6836cf6e1791f048b1c08d9e0d6237743ebe4fa06ad505269\n",
            "kubelet_identity": [],
            "kubernetes_version": "1.23.5",
            "linux_profile": [
              {
                "admin_username": "seo",
                "ssh_key": [
                  {
                    "key_data": "ssh-rsa AAAAB3NzaC1yc2EAAAADAQABAAABAQDTSnfd4rIzHjEzXY4fvsctHb2P4Jc59NnbE7oiRbmoy2VW6igDC1zeR3/bPyFSV/k9pTtqTw7ERndwbL1RBEr3BzmCOKnLJnJ0kXrjhacO0RZWZPlnioHaPEpsebV2FK+kkdiID2s5V3WpeQMzQOPyAkUHPSlEBTzJ/CmwbZbrWXmc7H8JOWvPevfTaQ/QDYkU+ThsM7v2M54sv2ady8kYpoPRD14Ym6P9dUKuNqwA9gyxO2stMYLmak8J1gd5p3X3leYYi9FNVPgq4o++OXq+PhY3r0ENphq+5PJiPRyDpqdNfVn7h5JuEFcfnRqLfViTK0a6s3EacJ2kvm4etmb7 seo@azure.com"
                  }
                ]
              }
            ],
            "local_account_disabled": false,
            "location": "koreacentral",
            "maintenance_window": [],
            "name": "seotube",
            "network_profile": [
              {
                "dns_service_ip": "10.0.0.10",
                "docker_bridge_cidr": "172.17.0.1/16",
                "load_balancer_profile": [
                  {
                    "effective_outbound_ips": [
                      "/subscriptions/6c884425-f3cf-459a-939f-2f2c6868a3f2/resourceGroups/MC_seotube_seotube_koreacentral/providers/Microsoft.Network/publicIPAddresses/d615626f-3c8d-4d35-b02b-9e47c22aae30"
                    ],
                    "idle_timeout_in_minutes": 0,
                    "managed_outbound_ip_count": 1,
                    "outbound_ip_address_ids": [],
                    "outbound_ip_prefix_ids": [],
                    "outbound_ports_allocated": 0
                  }
                ],
                "load_balancer_sku": "standard",
                "nat_gateway_profile": [],
                "network_mode": "",
                "network_plugin": "kubenet",
                "network_policy": "",
                "outbound_type": "loadBalancer",
                "pod_cidr": "10.244.0.0/16",
                "service_cidr": "10.0.0.0/16"
              }
            ],
            "node_resource_group": "MC_seotube_seotube_koreacentral",
            "oms_agent": [],
            "open_service_mesh_enabled": false,
            "portal_fqdn": "seotube-39f3cf5a.portal.hcp.koreacentral.azmk8s.io",
            "private_cluster_enabled": false,
            "private_cluster_public_fqdn_enabled": false,
            "private_dns_zone_id": "",
            "private_fqdn": "",
            "public_network_access_enabled": true,
            "resource_group_name": "seotube",
            "role_based_access_control_enabled": true,
            "service_principal": [
              {
                "client_id": "de038fa7-a9d8-4aa2-b7bc-71ae5c72bf05",
                "client_secret": "uZY8Q~Vz-N8VwUdWp4XTlJHav1n-i3dcAGOiEc9R"
              }
            ],
            "sku_tier": "Free",
            "tags": {},
            "timeouts": null,
            "windows_profile": []
          },
          "sensitive_attributes": [],
          "private": "eyJlMmJmYjczMC1lY2FhLTExZTYtOGY4OC0zNDM2M2JjN2M0YzAiOnsiY3JlYXRlIjo1NDAwMDAwMDAwMDAwLCJkZWxldGUiOjU0MDAwMDAwMDAwMDAsInJlYWQiOjMwMDAwMDAwMDAwMCwidXBkYXRlIjo1NDAwMDAwMDAwMDAwfSwic2NoZW1hX3ZlcnNpb24iOiIyIn0=",
          "dependencies": [
            "azurerm_resource_group.seotube",
            "tls_private_key.key"
          ]
        }
      ]
    },
    {
      "mode": "managed",
      "type": "azurerm_resource_group",
      "name": "seotube",
      "provider": "provider[\"registry.terraform.io/hashicorp/azurerm\"]",
      "instances": [
        {
          "schema_version": 0,
          "attributes": {
            "id": "/subscriptions/6c884425-f3cf-459a-939f-2f2c6868a3f2/resourceGroups/seotube",
            "location": "koreacentral",
            "name": "seotube",
            "tags": {},
            "timeouts": null
          },
          "sensitive_attributes": [],
          "private": "eyJlMmJmYjczMC1lY2FhLTExZTYtOGY4OC0zNDM2M2JjN2M0YzAiOnsiY3JlYXRlIjo1NDAwMDAwMDAwMDAwLCJkZWxldGUiOjU0MDAwMDAwMDAwMDAsInJlYWQiOjMwMDAwMDAwMDAwMCwidXBkYXRlIjo1NDAwMDAwMDAwMDAwfX0="
        }
      ]
    },
    {
      "mode": "managed",
      "type": "kubernetes_deployment",
      "name": "database",
      "provider": "provider[\"registry.terraform.io/hashicorp/kubernetes\"]",
      "instances": [
        {
          "schema_version": 0,
          "attributes": {
            "id": "default/database",
            "metadata": [
              {
                "annotations": {},
                "generate_name": "",
                "generation": 1,
                "labels": {
                  "pod": "database"
                },
                "name": "database",
                "namespace": "default",
                "resource_version": "25575",
                "self_link": "",
                "uid": "50c926da-c7b9-48bc-ad3b-1ee92997d34b"
              }
            ],
            "spec": [
              {
                "min_ready_seconds": 0,
                "paused": false,
                "progress_deadline_seconds": 600,
                "replicas": 1,
                "revision_history_limit": 10,
                "selector": [
                  {
                    "match_expressions": [],
                    "match_labels": {
                      "pod": "database"
                    }
                  }
                ],
                "strategy": [
                  {
                    "rolling_update": [
                      {
                        "max_surge": "25%",
                        "max_unavailable": "25%"
                      }
                    ],
                    "type": "RollingUpdate"
                  }
                ],
                "template": [
                  {
                    "metadata": [
                      {
                        "annotations": {},
                        "generate_name": "",
                        "generation": 0,
                        "labels": {
                          "pod": "database"
                        },
                        "name": "",
                        "namespace": "",
                        "resource_version": "",
                        "self_link": "",
                        "uid": ""
                      }
                    ],
                    "spec": [
                      {
                        "active_deadline_seconds": 0,
                        "affinity": [],
                        "automount_service_account_token": false,
                        "container": [
                          {
                            "args": [],
                            "command": [],
                            "env": [],
                            "env_from": [],
                            "image": "mongo:4.2.8",
                            "image_pull_policy": "IfNotPresent",
                            "lifecycle": [],
                            "liveness_probe": [],
                            "name": "database",
                            "port": [
                              {
                                "container_port": 27017,
                                "host_ip": "",
                                "host_port": 0,
                                "name": "",
                                "protocol": "TCP"
                              }
                            ],
                            "readiness_probe": [],
                            "resources": [
                              {
                                "limits": [],
                                "requests": []
                              }
                            ],
                            "security_context": [],
                            "stdin": false,
                            "stdin_once": false,
                            "termination_message_path": "/dev/termination-log",
                            "tty": false,
                            "volume_mount": [],
                            "working_dir": ""
                          }
                        ],
                        "dns_config": [],
                        "dns_policy": "ClusterFirst",
                        "host_aliases": [],
                        "host_ipc": false,
                        "host_network": false,
                        "host_pid": false,
                        "hostname": "",
                        "image_pull_secrets": [],
                        "init_container": [],
                        "node_name": "",
                        "node_selector": {},
                        "priority_class_name": "",
                        "restart_policy": "Always",
                        "security_context": [],
                        "service_account_name": "",
                        "share_process_namespace": false,
                        "subdomain": "",
                        "termination_grace_period_seconds": 30,
                        "toleration": [],
                        "volume": []
                      }
                    ]
                  }
                ]
              }
            ],
            "timeouts": null
          },
          "sensitive_attributes": [],
          "private": "eyJlMmJmYjczMC1lY2FhLTExZTYtOGY4OC0zNDM2M2JjN2M0YzAiOnsiY3JlYXRlIjo2MDAwMDAwMDAwMDAsImRlbGV0ZSI6NjAwMDAwMDAwMDAwLCJ1cGRhdGUiOjYwMDAwMDAwMDAwMH19",
          "dependencies": [
            "azurerm_kubernetes_cluster.cluster",
            "azurerm_resource_group.seotube",
            "tls_private_key.key"
          ]
        }
      ]
    },
    {
      "mode": "managed",
      "type": "kubernetes_deployment",
      "name": "rabbit",
      "provider": "provider[\"registry.terraform.io/hashicorp/kubernetes\"]",
      "instances": [
        {
          "schema_version": 0,
          "attributes": {
            "id": "default/rabbit",
            "metadata": [
              {
                "annotations": {},
                "generate_name": "",
                "generation": 1,
                "labels": {
                  "pod": "rabbit"
                },
                "name": "rabbit",
                "namespace": "default",
                "resource_version": "2796",
                "self_link": "",
                "uid": "5e1b86f0-4690-413c-8922-2c81469a8685"
              }
            ],
            "spec": [
              {
                "min_ready_seconds": 0,
                "paused": false,
                "progress_deadline_seconds": 600,
                "replicas": 1,
                "revision_history_limit": 10,
                "selector": [
                  {
                    "match_expressions": [],
                    "match_labels": {
                      "pod": "rabbit"
                    }
                  }
                ],
                "strategy": [
                  {
                    "rolling_update": [
                      {
                        "max_surge": "25%",
                        "max_unavailable": "25%"
                      }
                    ],
                    "type": "RollingUpdate"
                  }
                ],
                "template": [
                  {
                    "metadata": [
                      {
                        "annotations": {},
                        "generate_name": "",
                        "generation": 0,
                        "labels": {
                          "pod": "rabbit"
                        },
                        "name": "",
                        "namespace": "",
                        "resource_version": "",
                        "self_link": "",
                        "uid": ""
                      }
                    ],
                    "spec": [
                      {
                        "active_deadline_seconds": 0,
                        "affinity": [],
                        "automount_service_account_token": false,
                        "container": [
                          {
                            "args": [],
                            "command": [],
                            "env": [],
                            "env_from": [],
                            "image": "rabbitmq:3.8.5-management",
                            "image_pull_policy": "IfNotPresent",
                            "lifecycle": [],
                            "liveness_probe": [],
                            "name": "rabbit",
                            "port": [
                              {
                                "container_port": 5672,
                                "host_ip": "",
                                "host_port": 0,
                                "name": "",
                                "protocol": "TCP"
                              }
                            ],
                            "readiness_probe": [],
                            "resources": [
                              {
                                "limits": [],
                                "requests": []
                              }
                            ],
                            "security_context": [],
                            "stdin": false,
                            "stdin_once": false,
                            "termination_message_path": "/dev/termination-log",
                            "tty": false,
                            "volume_mount": [],
                            "working_dir": ""
                          }
                        ],
                        "dns_config": [],
                        "dns_policy": "ClusterFirst",
                        "host_aliases": [],
                        "host_ipc": false,
                        "host_network": false,
                        "host_pid": false,
                        "hostname": "",
                        "image_pull_secrets": [],
                        "init_container": [],
                        "node_name": "",
                        "node_selector": {},
                        "priority_class_name": "",
                        "restart_policy": "Always",
                        "security_context": [],
                        "service_account_name": "",
                        "share_process_namespace": false,
                        "subdomain": "",
                        "termination_grace_period_seconds": 30,
                        "toleration": [],
                        "volume": []
                      }
                    ]
                  }
                ]
              }
            ],
            "timeouts": null
          },
          "sensitive_attributes": [],
          "private": "eyJlMmJmYjczMC1lY2FhLTExZTYtOGY4OC0zNDM2M2JjN2M0YzAiOnsiY3JlYXRlIjo2MDAwMDAwMDAwMDAsImRlbGV0ZSI6NjAwMDAwMDAwMDAwLCJ1cGRhdGUiOjYwMDAwMDAwMDAwMH19",
          "dependencies": [
            "azurerm_kubernetes_cluster.cluster",
            "azurerm_resource_group.seotube",
            "tls_private_key.key"
          ]
        }
      ]
    },
    {
      "mode": "managed",
      "type": "kubernetes_service",
      "name": "database",
      "provider": "provider[\"registry.terraform.io/hashicorp/kubernetes\"]",
      "instances": [
        {
          "schema_version": 0,
          "attributes": {
            "id": "default/database",
            "load_balancer_ingress": [
              {
                "hostname": "",
                "ip": "20.200.206.212"
              }
            ],
            "metadata": [
              {
                "annotations": {},
                "generate_name": "",
                "generation": 0,
                "labels": {},
                "name": "database",
                "namespace": "default",
                "resource_version": "25640",
                "self_link": "",
                "uid": "3baef327-b67d-484a-be3c-30ae8e58ac61"
              }
            ],
            "spec": [
              {
                "cluster_ip": "10.0.175.212",
                "external_ips": [],
                "external_name": "",
                "external_traffic_policy": "Cluster",
                "load_balancer_ip": "",
                "load_balancer_source_ranges": [],
                "port": [
                  {
                    "name": "",
                    "node_port": 30871,
                    "port": 27017,
                    "protocol": "TCP",
                    "target_port": "27017"
                  }
                ],
                "publish_not_ready_addresses": false,
                "selector": {
                  "pod": "database"
                },
                "session_affinity": "None",
                "type": "LoadBalancer"
              }
            ],
            "timeouts": null
          },
          "sensitive_attributes": [],
          "private": "eyJlMmJmYjczMC1lY2FhLTExZTYtOGY4OC0zNDM2M2JjN2M0YzAiOnsiY3JlYXRlIjo2MDAwMDAwMDAwMDB9fQ==",
          "dependencies": [
            "azurerm_kubernetes_cluster.cluster",
            "azurerm_resource_group.seotube",
            "kubernetes_deployment.database",
            "tls_private_key.key"
          ]
        }
      ]
    },
    {
      "mode": "managed",
      "type": "kubernetes_service",
      "name": "rabbit",
      "provider": "provider[\"registry.terraform.io/hashicorp/kubernetes\"]",
      "instances": [
        {
          "schema_version": 0,
          "attributes": {
            "id": "default/rabbit",
            "load_balancer_ingress": [],
            "metadata": [
              {
                "annotations": {},
                "generate_name": "",
                "generation": 0,
                "labels": {},
                "name": "rabbit",
                "namespace": "default",
                "resource_version": "2801",
                "self_link": "",
                "uid": "880242b0-9445-4df2-9657-63944c672a46"
              }
            ],
            "spec": [
              {
                "cluster_ip": "10.0.129.98",
                "external_ips": [],
                "external_name": "",
                "external_traffic_policy": "",
                "load_balancer_ip": "",
                "load_balancer_source_ranges": [],
                "port": [
                  {
                    "name": "",
                    "node_port": 0,
                    "port": 5672,
                    "protocol": "TCP",
                    "target_port": "5672"
                  }
                ],
                "publish_not_ready_addresses": false,
                "selector": {
                  "pod": "rabbit"
                },
                "session_affinity": "None",
                "type": "ClusterIP"
              }
            ],
            "timeouts": null
          },
          "sensitive_attributes": [],
          "private": "eyJlMmJmYjczMC1lY2FhLTExZTYtOGY4OC0zNDM2M2JjN2M0YzAiOnsiY3JlYXRlIjo2MDAwMDAwMDAwMDB9fQ==",
          "dependencies": [
            "azurerm_kubernetes_cluster.cluster",
            "azurerm_resource_group.seotube",
            "kubernetes_deployment.rabbit",
            "tls_private_key.key"
          ]
        }
      ]
    },
    {
      "mode": "managed",
      "type": "kubernetes_service",
      "name": "rabbit_dashboard",
      "provider": "provider[\"registry.terraform.io/hashicorp/kubernetes\"]",
      "instances": [
        {
          "schema_version": 0,
          "attributes": {
            "id": "default/rabbit-dashboard",
            "load_balancer_ingress": [
              {
                "hostname": "",
                "ip": "20.196.253.15"
              }
            ],
            "metadata": [
              {
                "annotations": {},
                "generate_name": "",
                "generation": 0,
                "labels": {},
                "name": "rabbit-dashboard",
                "namespace": "default",
                "resource_version": "2856",
                "self_link": "",
                "uid": "de90a63c-6f67-4448-a526-75d212c693e9"
              }
            ],
            "spec": [
              {
                "cluster_ip": "10.0.226.165",
                "external_ips": [],
                "external_name": "",
                "external_traffic_policy": "Cluster",
                "load_balancer_ip": "",
                "load_balancer_source_ranges": [],
                "port": [
                  {
                    "name": "",
                    "node_port": 31381,
                    "port": 15672,
                    "protocol": "TCP",
                    "target_port": "15672"
                  }
                ],
                "publish_not_ready_addresses": false,
                "selector": {
                  "pod": "rabbit"
                },
                "session_affinity": "None",
                "type": "LoadBalancer"
              }
            ],
            "timeouts": null
          },
          "sensitive_attributes": [],
          "private": "eyJlMmJmYjczMC1lY2FhLTExZTYtOGY4OC0zNDM2M2JjN2M0YzAiOnsiY3JlYXRlIjo2MDAwMDAwMDAwMDB9fQ==",
          "dependencies": [
            "azurerm_kubernetes_cluster.cluster",
            "azurerm_resource_group.seotube",
            "kubernetes_deployment.rabbit",
            "tls_private_key.key"
          ]
        }
      ]
    },
    {
      "mode": "managed",
      "type": "tls_private_key",
      "name": "key",
      "provider": "provider[\"registry.terraform.io/hashicorp/tls\"]",
      "instances": [
        {
          "schema_version": 1,
          "attributes": {
            "algorithm": "RSA",
            "ecdsa_curve": "P224",
            "id": "4163d7885b93b683fafb62ac175d2db279bd191b",
            "private_key_openssh": "-----BEGIN OPENSSH PRIVATE KEY-----\nb3BlbnNzaC1rZXktdjEAAAAABG5vbmUAAAAEbm9uZQAAAAAAAAABAAABFwAAAAdz\nc2gtcnNhAAAAAwEAAQAAAQEA00p33eKyMx4xM12OH77HLR29j+CXOfTZ2xO6IkW5\nqMtlVuooAwtc3kd/2z8hUlf5PaU7ak8OxEZ3cGy9UQRK9wc5gjipyyZydJF644Wn\nDtEWVmT5Z4qB2jxKbHm1dhSvpJHYiA9rOVd1qXkDM0Dj8gJFBz0pRAU8yfwpsG2W\n61l5nOx/CTlrz3r302kP0A2JFPk4bDO79jOeLL9mncvJGKaD0Q9eGJuj/XVCrjas\nAPYMsTtrLTGC5mpPCdYHead195XmGIvRTVT4KuKPvjl6vj4WN69BDaYavuTyYj0c\ng6anTX1Z+4eSbhBXH50ai31YkytGurNxGnCdpL5uHrZm+wAAA7gu9YhSLvWIUgAA\nAAdzc2gtcnNhAAABAQDTSnfd4rIzHjEzXY4fvsctHb2P4Jc59NnbE7oiRbmoy2VW\n6igDC1zeR3/bPyFSV/k9pTtqTw7ERndwbL1RBEr3BzmCOKnLJnJ0kXrjhacO0RZW\nZPlnioHaPEpsebV2FK+kkdiID2s5V3WpeQMzQOPyAkUHPSlEBTzJ/CmwbZbrWXmc\n7H8JOWvPevfTaQ/QDYkU+ThsM7v2M54sv2ady8kYpoPRD14Ym6P9dUKuNqwA9gyx\nO2stMYLmak8J1gd5p3X3leYYi9FNVPgq4o++OXq+PhY3r0ENphq+5PJiPRyDpqdN\nfVn7h5JuEFcfnRqLfViTK0a6s3EacJ2kvm4etmb7AAAAAwEAAQAAAQEAqJ/i3+s/\nCnrLC1JbzcwEy2XT1lKIflGB2Ex7HUUGMcb5vo6rlhpoaGEpkgFlB4F8QY1vyJ0F\njPEr+0ZdJJ5HcbSLWfj80UuCxrMgHxqYQ8PsjtCRFug8T74UK1RK1M0XjEB1Tcj4\nas/48GLKggoEoSzciDVwjH+djxm2773WV0YifuQyNee9UrHnRpnxaFXSOJTIKOap\nEtOuP1xvMatPrERKIoq0Ac9s4+phrFPILoliKdmJ3ZjOD4lHT/wg/rMPEANnCC9U\nTvofwf9cOnxN8oOeenqvCxgNr6pEwvW8IbYvsdg8QmxSRa95o5Osl98NtrH+vPdv\nhQHDHrditBAfKQAAAIEAlbXFF2iNKNRacJLVkWs5+L6Epf8MYXXuOQKCQ/yj/loS\nAqLAu0f94cUEYEeBqWx9F+s+68rP/LTEpkvCiJfprn5a2ho2d7eYC2u5+UV6AgsI\n4TRTqnIU0wXpFAu+FBP+ERCIS/gS64ZC/6PbSTsFTM7PJjods4NNNm1N0/6u6I4A\nAACBAPVN96AkpYuiCcYjssz5VROJMlDPZHq/sxcwSx4lTv1g/XqG/MVRKkPUwK4l\n0V/dra6XL6nsT05Jtvb8hCxtIILezGv1L5pRi8p73S0Ycef57o4GTH3qxnrr5Dxh\n/vScMdwpJg9VwpzPfl23S1+g6iH5VsUuO4/BA+i8pzcQuas1AAAAgQDcgNkm/TyV\nxfIWZZFxtmpUW+N8PgC+ZMlD0qWAAjkE6FE4mJeHv5cC5r65RxSbr/+Yxsu9ia6V\nlNaXJD5inUOJvHpxyP7BdXZg55T7EdlKG6f6B7AyTC7gyAFDDlnznQctjUBSKE8r\nJXDirUq0o4mE6j/EpLrQ232/t2Hp6grfbwAAAAAB\n-----END OPENSSH PRIVATE KEY-----\n",
            "private_key_pem": "-----BEGIN RSA PRIVATE KEY-----\nMIIEpQIBAAKCAQEA00p33eKyMx4xM12OH77HLR29j+CXOfTZ2xO6IkW5qMtlVuoo\nAwtc3kd/2z8hUlf5PaU7ak8OxEZ3cGy9UQRK9wc5gjipyyZydJF644WnDtEWVmT5\nZ4qB2jxKbHm1dhSvpJHYiA9rOVd1qXkDM0Dj8gJFBz0pRAU8yfwpsG2W61l5nOx/\nCTlrz3r302kP0A2JFPk4bDO79jOeLL9mncvJGKaD0Q9eGJuj/XVCrjasAPYMsTtr\nLTGC5mpPCdYHead195XmGIvRTVT4KuKPvjl6vj4WN69BDaYavuTyYj0cg6anTX1Z\n+4eSbhBXH50ai31YkytGurNxGnCdpL5uHrZm+wIDAQABAoIBAQCon+Lf6z8KessL\nUlvNzATLZdPWUoh+UYHYTHsdRQYxxvm+jquWGmhoYSmSAWUHgXxBjW/InQWM8Sv7\nRl0knkdxtItZ+PzRS4LGsyAfGphDw+yO0JEW6DxPvhQrVErUzReMQHVNyPhqz/jw\nYsqCCgShLNyINXCMf52PGbbvvdZXRiJ+5DI1571SsedGmfFoVdI4lMgo5qkS064/\nXG8xq0+sREoiirQBz2zj6mGsU8guiWIp2YndmM4PiUdP/CD+sw8QA2cIL1RO+h/B\n/1w6fE3yg556eq8LGA2vqkTC9bwhti+x2DxCbFJFr3mjk6yX3w22sf6892+FAcMe\nt2K0EB8pAoGBAPVN96AkpYuiCcYjssz5VROJMlDPZHq/sxcwSx4lTv1g/XqG/MVR\nKkPUwK4l0V/dra6XL6nsT05Jtvb8hCxtIILezGv1L5pRi8p73S0Ycef57o4GTH3q\nxnrr5Dxh/vScMdwpJg9VwpzPfl23S1+g6iH5VsUuO4/BA+i8pzcQuas1AoGBANyA\n2Sb9PJXF8hZlkXG2alRb43w+AL5kyUPSpYACOQToUTiYl4e/lwLmvrlHFJuv/5jG\ny72JrpWU1pckPmKdQ4m8enHI/sF1dmDnlPsR2Uobp/oHsDJMLuDIAUMOWfOdBy2N\nQFIoTyslcOKtSrSjiYTqP8SkutDbfb+3YenqCt9vAoGBAO05MymJhxab4zvcNgOH\nc8Dqwt/nUFJspLLeHybOCa97ZmZhuHzRW0AxtQw0wmAlLttSleOMBb2+B9SequuT\ntQcakzIr8JcaGUf9tQzxQOaHiy2J5ds3ei5RhWznj/naO1Wf7ZCS7RtcheX3Zkra\ngNHOIR2a8jq4/CDMoCDeac+pAoGAH6PthQa5dtRclJImeKawQ0KcNeu/t5JGvxCu\n5ttqyyV64iAjPjtjs+rgWz2z21M53fZIrf3fq18cG7v7p7LhShZdi45H4AK25djV\nK+G3yEaHp/0Kb203HNIWPEUG60oRCZxHKoLWOV66AAzVt23wAb6LP/BTTjzwol3y\nEtqejMkCgYEAlbXFF2iNKNRacJLVkWs5+L6Epf8MYXXuOQKCQ/yj/loSAqLAu0f9\n4cUEYEeBqWx9F+s+68rP/LTEpkvCiJfprn5a2ho2d7eYC2u5+UV6AgsI4TRTqnIU\n0wXpFAu+FBP+ERCIS/gS64ZC/6PbSTsFTM7PJjods4NNNm1N0/6u6I4=\n-----END RSA PRIVATE KEY-----\n",
            "private_key_pem_pkcs8": "-----BEGIN PRIVATE KEY-----\nMIIEvwIBADANBgkqhkiG9w0BAQEFAASCBKkwggSlAgEAAoIBAQDTSnfd4rIzHjEz\nXY4fvsctHb2P4Jc59NnbE7oiRbmoy2VW6igDC1zeR3/bPyFSV/k9pTtqTw7ERndw\nbL1RBEr3BzmCOKnLJnJ0kXrjhacO0RZWZPlnioHaPEpsebV2FK+kkdiID2s5V3Wp\neQMzQOPyAkUHPSlEBTzJ/CmwbZbrWXmc7H8JOWvPevfTaQ/QDYkU+ThsM7v2M54s\nv2ady8kYpoPRD14Ym6P9dUKuNqwA9gyxO2stMYLmak8J1gd5p3X3leYYi9FNVPgq\n4o++OXq+PhY3r0ENphq+5PJiPRyDpqdNfVn7h5JuEFcfnRqLfViTK0a6s3EacJ2k\nvm4etmb7AgMBAAECggEBAKif4t/rPwp6ywtSW83MBMtl09ZSiH5RgdhMex1FBjHG\n+b6Oq5YaaGhhKZIBZQeBfEGNb8idBYzxK/tGXSSeR3G0i1n4/NFLgsazIB8amEPD\n7I7QkRboPE++FCtUStTNF4xAdU3I+GrP+PBiyoIKBKEs3Ig1cIx/nY8Ztu+91ldG\nIn7kMjXnvVKx50aZ8WhV0jiUyCjmqRLTrj9cbzGrT6xESiKKtAHPbOPqYaxTyC6J\nYinZid2Yzg+JR0/8IP6zDxADZwgvVE76H8H/XDp8TfKDnnp6rwsYDa+qRML1vCG2\nL7HYPEJsUkWveaOTrJffDbax/rz3b4UBwx63YrQQHykCgYEA9U33oCSli6IJxiOy\nzPlVE4kyUM9ker+zFzBLHiVO/WD9eob8xVEqQ9TAriXRX92trpcvqexPTkm29vyE\nLG0ggt7Ma/UvmlGLynvdLRhx5/nujgZMferGeuvkPGH+9Jwx3CkmD1XCnM9+XbdL\nX6DqIflWxS47j8ED6LynNxC5qzUCgYEA3IDZJv08lcXyFmWRcbZqVFvjfD4AvmTJ\nQ9KlgAI5BOhROJiXh7+XAua+uUcUm6//mMbLvYmulZTWlyQ+Yp1Dibx6ccj+wXV2\nYOeU+xHZShun+gewMkwu4MgBQw5Z850HLY1AUihPKyVw4q1KtKOJhOo/xKS60Nt9\nv7dh6eoK328CgYEA7TkzKYmHFpvjO9w2A4dzwOrC3+dQUmykst4fJs4Jr3tmZmG4\nfNFbQDG1DDTCYCUu21KV44wFvb4H1J6q65O1BxqTMivwlxoZR/21DPFA5oeLLYnl\n2zd6LlGFbOeP+do7VZ/tkJLtG1yF5fdmStqA0c4hHZryOrj8IMygIN5pz6kCgYAf\no+2FBrl21FyUkiZ4prBDQpw167+3kka/EK7m22rLJXriICM+O2Oz6uBbPbPbUznd\n9kit/d+rXxwbu/unsuFKFl2LjkfgArbl2NUr4bfIRoen/QpvbTcc0hY8RQbrShEJ\nnEcqgtY5XroADNW3bfABvos/8FNOPPCiXfIS2p6MyQKBgQCVtcUXaI0o1FpwktWR\nazn4voSl/wxhde45AoJD/KP+WhICosC7R/3hxQRgR4GpbH0X6z7rys/8tMSmS8KI\nl+muflraGjZ3t5gLa7n5RXoCCwjhNFOqchTTBekUC74UE/4REIhL+BLrhkL/o9tJ\nOwVMzs8mOh2zg002bU3T/q7ojg==\n-----END PRIVATE KEY-----\n",
            "public_key_fingerprint_md5": "da:f2:6e:a4:66:9a:3a:78:89:c2:23:31:f5:e9:48:47",
            "public_key_fingerprint_sha256": "SHA256:eoBqBW79+MQ+XPHBDpRSc1ddU3dhdeDt1WTVJS62kvM",
            "public_key_openssh": "ssh-rsa AAAAB3NzaC1yc2EAAAADAQABAAABAQDTSnfd4rIzHjEzXY4fvsctHb2P4Jc59NnbE7oiRbmoy2VW6igDC1zeR3/bPyFSV/k9pTtqTw7ERndwbL1RBEr3BzmCOKnLJnJ0kXrjhacO0RZWZPlnioHaPEpsebV2FK+kkdiID2s5V3WpeQMzQOPyAkUHPSlEBTzJ/CmwbZbrWXmc7H8JOWvPevfTaQ/QDYkU+ThsM7v2M54sv2ady8kYpoPRD14Ym6P9dUKuNqwA9gyxO2stMYLmak8J1gd5p3X3leYYi9FNVPgq4o++OXq+PhY3r0ENphq+5PJiPRyDpqdNfVn7h5JuEFcfnRqLfViTK0a6s3EacJ2kvm4etmb7\n",
            "public_key_pem": "-----BEGIN PUBLIC KEY-----\nMIIBIjANBgkqhkiG9w0BAQEFAAOCAQ8AMIIBCgKCAQEA00p33eKyMx4xM12OH77H\nLR29j+CXOfTZ2xO6IkW5qMtlVuooAwtc3kd/2z8hUlf5PaU7ak8OxEZ3cGy9UQRK\n9wc5gjipyyZydJF644WnDtEWVmT5Z4qB2jxKbHm1dhSvpJHYiA9rOVd1qXkDM0Dj\n8gJFBz0pRAU8yfwpsG2W61l5nOx/CTlrz3r302kP0A2JFPk4bDO79jOeLL9mncvJ\nGKaD0Q9eGJuj/XVCrjasAPYMsTtrLTGC5mpPCdYHead195XmGIvRTVT4KuKPvjl6\nvj4WN69BDaYavuTyYj0cg6anTX1Z+4eSbhBXH50ai31YkytGurNxGnCdpL5uHrZm\n+wIDAQAB\n-----END PUBLIC KEY-----\n",
            "rsa_bits": 2048
          },
          "sensitive_attributes": []
        }
      ]
    },
    {
      "module": "module.azure-storage-microservice",
      "mode": "managed",
      "type": "kubernetes_deployment",
      "name": "service_deployment",
      "provider": "provider[\"registry.terraform.io/hashicorp/kubernetes\"]",
      "instances": [
        {
          "schema_version": 0,
          "attributes": {
            "id": "default/azure-storage",
            "metadata": [
              {
                "annotations": {},
                "generate_name": "",
                "generation": 1,
                "labels": {
                  "pod": "azure-storage"
                },
                "name": "azure-storage",
                "namespace": "default",
                "resource_version": "884014",
                "self_link": "",
                "uid": "c8cf7f2d-b2f8-4a81-9913-af22ead0df66"
              }
            ],
            "spec": [
              {
                "min_ready_seconds": 0,
                "paused": false,
                "progress_deadline_seconds": 600,
                "replicas": 1,
                "revision_history_limit": 10,
                "selector": [
                  {
                    "match_expressions": [],
                    "match_labels": {
                      "pod": "azure-storage"
                    }
                  }
                ],
                "strategy": [
                  {
                    "rolling_update": [
                      {
                        "max_surge": "25%",
                        "max_unavailable": "25%"
                      }
                    ],
                    "type": "RollingUpdate"
                  }
                ],
                "template": [
                  {
                    "metadata": [
                      {
                        "annotations": {},
                        "generate_name": "",
                        "generation": 0,
                        "labels": {
                          "pod": "azure-storage"
                        },
                        "name": "",
                        "namespace": "",
                        "resource_version": "",
                        "self_link": "",
                        "uid": ""
                      }
                    ],
                    "spec": [
                      {
                        "active_deadline_seconds": 0,
                        "affinity": [],
                        "automount_service_account_token": false,
                        "container": [
                          {
                            "args": [],
                            "command": [],
                            "env": [
                              {
                                "name": "PORT",
                                "value": "80",
                                "value_from": []
                              },
                              {
                                "name": "STORAGE_ACCESS_KEY",
                                "value": "fgJqZz3YOTFvIDmRSbwy10baV84Vy6ya1xE0qd3p1ruTcgTmwGoKJCS1yIiAFSpDk0rR8r86qo/S+AStSAejXQ==",
                                "value_from": []
                              },
                              {
                                "name": "STORAGE_ACCOUNT_NAME",
                                "value": "ssystrg",
                                "value_from": []
                              }
                            ],
                            "env_from": [],
                            "image": "seotube.azurecr.io/azure-storage:1",
                            "image_pull_policy": "IfNotPresent",
                            "lifecycle": [],
                            "liveness_probe": [],
                            "name": "azure-storage",
                            "port": [],
                            "readiness_probe": [],
                            "resources": [
                              {
                                "limits": [],
                                "requests": []
                              }
                            ],
                            "security_context": [],
                            "stdin": false,
                            "stdin_once": false,
                            "termination_message_path": "/dev/termination-log",
                            "tty": false,
                            "volume_mount": [],
                            "working_dir": ""
                          }
                        ],
                        "dns_config": [],
                        "dns_policy": "ClusterFirst",
                        "host_aliases": [],
                        "host_ipc": false,
                        "host_network": false,
                        "host_pid": false,
                        "hostname": "",
                        "image_pull_secrets": [
                          {
                            "name": "azure-storage-docker-credentials"
                          }
                        ],
                        "init_container": [],
                        "node_name": "",
                        "node_selector": {},
                        "priority_class_name": "",
                        "restart_policy": "Always",
                        "security_context": [],
                        "service_account_name": "",
                        "share_process_namespace": false,
                        "subdomain": "",
                        "termination_grace_period_seconds": 30,
                        "toleration": [],
                        "volume": []
                      }
                    ]
                  }
                ]
              }
            ],
            "timeouts": null
          },
          "sensitive_attributes": [],
          "private": "eyJlMmJmYjczMC1lY2FhLTExZTYtOGY4OC0zNDM2M2JjN2M0YzAiOnsiY3JlYXRlIjo2MDAwMDAwMDAwMDAsImRlbGV0ZSI6NjAwMDAwMDAwMDAwLCJ1cGRhdGUiOjYwMDAwMDAwMDAwMH19",
          "dependencies": [
            "azurerm_container_registry.container_registry",
            "azurerm_kubernetes_cluster.cluster",
            "azurerm_resource_group.seotube",
            "module.azure-storage-microservice.kubernetes_secret.docker_credentials",
            "module.azure-storage-microservice.null_resource.docker_build",
            "module.azure-storage-microservice.null_resource.docker_login",
            "module.azure-storage-microservice.null_resource.docker_push",
            "tls_private_key.key"
          ]
        }
      ]
    },
    {
      "module": "module.azure-storage-microservice",
      "mode": "managed",
      "type": "kubernetes_secret",
      "name": "docker_credentials",
      "provider": "provider[\"registry.terraform.io/hashicorp/kubernetes\"]",
      "instances": [
        {
          "schema_version": 0,
          "attributes": {
            "data": {
              ".dockerconfigjson": "{\"auths\":{\"seotube.azurecr.io\":{\"auth\":\"c2VvdHViZTo5dWJ6TVNHcUZHQjE9T0lCS0ZFN2tTS2E1R2tsSDI3cw==\"}}}"
            },
            "id": "default/azure-storage-docker-credentials",
            "metadata": [
              {
                "annotations": {},
                "generate_name": "",
                "generation": 0,
                "labels": {},
                "name": "azure-storage-docker-credentials",
                "namespace": "default",
                "resource_version": "883627",
                "self_link": "",
                "uid": "de75ee4e-7bf3-4cbe-a7e8-831c0732a2a2"
              }
            ],
            "type": "kubernetes.io/dockerconfigjson"
          },
          "sensitive_attributes": [
            [
              {
                "type": "get_attr",
                "value": "data"
              },
              {
                "type": "index",
                "value": {
                  "value": ".dockerconfigjson",
                  "type": "string"
                }
              }
            ]
          ],
          "private": "bnVsbA==",
          "dependencies": [
            "azurerm_container_registry.container_registry",
            "azurerm_kubernetes_cluster.cluster",
            "azurerm_resource_group.seotube",
            "tls_private_key.key"
          ]
        }
      ]
    },
    {
      "module": "module.azure-storage-microservice",
      "mode": "managed",
      "type": "kubernetes_service",
      "name": "service",
      "provider": "provider[\"registry.terraform.io/hashicorp/kubernetes\"]",
      "instances": [
        {
          "schema_version": 0,
          "attributes": {
            "id": "default/video-storage",
            "load_balancer_ingress": [],
            "metadata": [
              {
                "annotations": {},
                "generate_name": "",
                "generation": 0,
                "labels": {},
                "name": "video-storage",
                "namespace": "default",
                "resource_version": "884028",
                "self_link": "",
                "uid": "e95d5126-f9de-41ff-8bc6-d7dcc74c4c41"
              }
            ],
            "spec": [
              {
                "cluster_ip": "10.0.229.235",
                "external_ips": [],
                "external_name": "",
                "external_traffic_policy": "",
                "load_balancer_ip": "",
                "load_balancer_source_ranges": [],
                "port": [
                  {
                    "name": "",
                    "node_port": 0,
                    "port": 80,
                    "protocol": "TCP",
                    "target_port": "80"
                  }
                ],
                "publish_not_ready_addresses": false,
                "selector": {
                  "pod": "azure-storage"
                },
                "session_affinity": "None",
                "type": "ClusterIP"
              }
            ],
            "timeouts": null
          },
          "sensitive_attributes": [],
          "private": "eyJlMmJmYjczMC1lY2FhLTExZTYtOGY4OC0zNDM2M2JjN2M0YzAiOnsiY3JlYXRlIjo2MDAwMDAwMDAwMDB9fQ==",
          "dependencies": [
            "azurerm_kubernetes_cluster.cluster",
            "module.azure-storage-microservice.kubernetes_deployment.service_deployment"
          ]
        }
      ]
    },
    {
      "module": "module.azure-storage-microservice",
      "mode": "managed",
      "type": "null_resource",
      "name": "docker_build",
      "provider": "provider[\"registry.terraform.io/hashicorp/null\"]",
      "instances": [
        {
          "schema_version": 0,
          "attributes": {
            "id": "3054062781085392550",
            "triggers": {
              "always_run": "2022-07-24T17:24:07Z"
            }
          },
          "sensitive_attributes": [],
          "private": "bnVsbA==",
          "dependencies": [
            "azurerm_container_registry.container_registry"
          ]
        }
      ]
    },
    {
      "module": "module.azure-storage-microservice",
      "mode": "managed",
      "type": "null_resource",
      "name": "docker_login",
      "provider": "provider[\"registry.terraform.io/hashicorp/null\"]",
      "instances": [
        {
          "schema_version": 0,
          "attributes": {
            "id": "8135652264118576023",
            "triggers": {
              "always_run": "2022-07-24T17:24:44Z"
            }
          },
          "sensitive_attributes": [],
          "private": "bnVsbA==",
          "dependencies": [
            "azurerm_container_registry.container_registry",
            "module.azure-storage-microservice.null_resource.docker_build"
          ]
        }
      ]
    },
    {
      "module": "module.azure-storage-microservice",
      "mode": "managed",
      "type": "null_resource",
      "name": "docker_push",
      "provider": "provider[\"registry.terraform.io/hashicorp/null\"]",
      "instances": [
        {
          "schema_version": 0,
          "attributes": {
            "id": "8109015666685576172",
            "triggers": {
              "always_run": "2022-07-24T17:24:46Z"
            }
          },
          "sensitive_attributes": [],
          "private": "bnVsbA==",
          "dependencies": [
            "azurerm_container_registry.container_registry",
            "module.azure-storage-microservice.null_resource.docker_build",
            "module.azure-storage-microservice.null_resource.docker_login"
          ]
        }
      ]
    },
    {
      "module": "module.gateway-microservice",
      "mode": "managed",
      "type": "kubernetes_deployment",
      "name": "service_deployment",
      "provider": "provider[\"registry.terraform.io/hashicorp/kubernetes\"]",
      "instances": [
        {
          "schema_version": 0,
          "attributes": {
            "id": "default/gateway",
            "metadata": [
              {
                "annotations": {},
                "generate_name": "",
                "generation": 1,
                "labels": {
                  "pod": "gateway"
                },
                "name": "gateway",
                "namespace": "default",
                "resource_version": "927561",
                "self_link": "",
                "uid": "b323ec13-238a-4ad0-98ac-bda65f6bac44"
              }
            ],
            "spec": [
              {
                "min_ready_seconds": 0,
                "paused": false,
                "progress_deadline_seconds": 600,
                "replicas": 1,
                "revision_history_limit": 10,
                "selector": [
                  {
                    "match_expressions": [],
                    "match_labels": {
                      "pod": "gateway"
                    }
                  }
                ],
                "strategy": [
                  {
                    "rolling_update": [
                      {
                        "max_surge": "25%",
                        "max_unavailable": "25%"
                      }
                    ],
                    "type": "RollingUpdate"
                  }
                ],
                "template": [
                  {
                    "metadata": [
                      {
                        "annotations": {},
                        "generate_name": "",
                        "generation": 0,
                        "labels": {
                          "pod": "gateway"
                        },
                        "name": "",
                        "namespace": "",
                        "resource_version": "",
                        "self_link": "",
                        "uid": ""
                      }
                    ],
                    "spec": [
                      {
                        "active_deadline_seconds": 0,
                        "affinity": [],
                        "automount_service_account_token": false,
                        "container": [
                          {
                            "args": [],
                            "command": [],
                            "env": [
                              {
                                "name": "PORT",
                                "value": "80",
                                "value_from": []
                              },
                              {
                                "name": "RABBIT",
                                "value": "amqp://guest:guest@rabbit:5672",
                                "value_from": []
                              }
                            ],
                            "env_from": [],
                            "image": "seotube.azurecr.io/gateway:1",
                            "image_pull_policy": "IfNotPresent",
                            "lifecycle": [],
                            "liveness_probe": [],
                            "name": "gateway",
                            "port": [],
                            "readiness_probe": [],
                            "resources": [
                              {
                                "limits": [],
                                "requests": []
                              }
                            ],
                            "security_context": [],
                            "stdin": false,
                            "stdin_once": false,
                            "termination_message_path": "/dev/termination-log",
                            "tty": false,
                            "volume_mount": [],
                            "working_dir": ""
                          }
                        ],
                        "dns_config": [],
                        "dns_policy": "ClusterFirst",
                        "host_aliases": [],
                        "host_ipc": false,
                        "host_network": false,
                        "host_pid": false,
                        "hostname": "",
                        "image_pull_secrets": [
                          {
                            "name": "gateway-docker-credentials"
                          }
                        ],
                        "init_container": [],
                        "node_name": "",
                        "node_selector": {},
                        "priority_class_name": "",
                        "restart_policy": "Always",
                        "security_context": [],
                        "service_account_name": "",
                        "share_process_namespace": false,
                        "subdomain": "",
                        "termination_grace_period_seconds": 30,
                        "toleration": [],
                        "volume": []
                      }
                    ]
                  }
                ]
              }
            ],
            "timeouts": null
          },
          "sensitive_attributes": [],
          "private": "eyJlMmJmYjczMC1lY2FhLTExZTYtOGY4OC0zNDM2M2JjN2M0YzAiOnsiY3JlYXRlIjo2MDAwMDAwMDAwMDAsImRlbGV0ZSI6NjAwMDAwMDAwMDAwLCJ1cGRhdGUiOjYwMDAwMDAwMDAwMH19",
          "dependencies": [
            "azurerm_container_registry.container_registry",
            "azurerm_kubernetes_cluster.cluster",
            "azurerm_resource_group.seotube",
            "module.gateway-microservice.kubernetes_secret.docker_credentials",
            "module.gateway-microservice.null_resource.docker_build",
            "module.gateway-microservice.null_resource.docker_login",
            "module.gateway-microservice.null_resource.docker_push",
            "tls_private_key.key"
          ]
        }
      ]
    },
    {
      "module": "module.gateway-microservice",
      "mode": "managed",
      "type": "kubernetes_secret",
      "name": "docker_credentials",
      "provider": "provider[\"registry.terraform.io/hashicorp/kubernetes\"]",
      "instances": [
        {
          "schema_version": 0,
          "attributes": {
            "data": {
              ".dockerconfigjson": "{\"auths\":{\"seotube.azurecr.io\":{\"auth\":\"c2VvdHViZTo5dWJ6TVNHcUZHQjE9T0lCS0ZFN2tTS2E1R2tsSDI3cw==\"}}}"
            },
            "id": "default/gateway-docker-credentials",
            "metadata": [
              {
                "annotations": {},
                "generate_name": "",
                "generation": 0,
                "labels": {},
                "name": "gateway-docker-credentials",
                "namespace": "default",
                "resource_version": "883629",
                "self_link": "",
                "uid": "f59a6a02-f2f1-4450-97a0-dbf30727e2e5"
              }
            ],
            "type": "kubernetes.io/dockerconfigjson"
          },
          "sensitive_attributes": [
            [
              {
                "type": "get_attr",
                "value": "data"
              },
              {
                "type": "index",
                "value": {
                  "value": ".dockerconfigjson",
                  "type": "string"
                }
              }
            ]
          ],
          "private": "bnVsbA==",
          "dependencies": [
            "azurerm_container_registry.container_registry",
            "azurerm_kubernetes_cluster.cluster",
            "azurerm_resource_group.seotube",
            "tls_private_key.key"
          ]
        }
      ]
    },
    {
      "module": "module.gateway-microservice",
      "mode": "managed",
      "type": "kubernetes_service",
      "name": "service",
      "provider": "provider[\"registry.terraform.io/hashicorp/kubernetes\"]",
      "instances": [
        {
          "schema_version": 0,
          "attributes": {
            "id": "default/gateway",
            "load_balancer_ingress": [
              {
                "hostname": "",
                "ip": "20.249.152.21"
              }
            ],
            "metadata": [
              {
                "annotations": {},
                "generate_name": "",
                "generation": 0,
                "labels": {},
                "name": "gateway",
                "namespace": "default",
                "resource_version": "883989",
                "self_link": "",
                "uid": "0717a4a4-54d7-4c0c-8e2f-1468ed0dfd60"
              }
            ],
            "spec": [
              {
                "cluster_ip": "10.0.233.86",
                "external_ips": [],
                "external_name": "",
                "external_traffic_policy": "Cluster",
                "load_balancer_ip": "",
                "load_balancer_source_ranges": [],
                "port": [
                  {
                    "name": "",
                    "node_port": 30070,
                    "port": 80,
                    "protocol": "TCP",
                    "target_port": "80"
                  }
                ],
                "publish_not_ready_addresses": false,
                "selector": {
                  "pod": "gateway"
                },
                "session_affinity": "ClientIP",
                "type": "LoadBalancer"
              }
            ],
            "timeouts": null
          },
          "sensitive_attributes": [],
          "private": "eyJlMmJmYjczMC1lY2FhLTExZTYtOGY4OC0zNDM2M2JjN2M0YzAiOnsiY3JlYXRlIjo2MDAwMDAwMDAwMDB9fQ==",
          "dependencies": [
            "azurerm_container_registry.container_registry",
            "azurerm_kubernetes_cluster.cluster",
            "azurerm_resource_group.seotube",
            "module.gateway-microservice.kubernetes_deployment.service_deployment",
            "module.gateway-microservice.kubernetes_secret.docker_credentials",
            "module.gateway-microservice.null_resource.docker_build",
            "module.gateway-microservice.null_resource.docker_login",
            "module.gateway-microservice.null_resource.docker_push",
            "tls_private_key.key"
          ]
        }
      ]
    },
    {
      "module": "module.gateway-microservice",
      "mode": "managed",
      "type": "null_resource",
      "name": "docker_build",
      "provider": "provider[\"registry.terraform.io/hashicorp/null\"]",
      "instances": [
        {
          "schema_version": 0,
          "attributes": {
            "id": "1319778112325799498",
            "triggers": {
              "always_run": "2022-07-24T17:24:07Z"
            }
          },
          "sensitive_attributes": [],
          "private": "bnVsbA==",
          "dependencies": [
            "azurerm_container_registry.container_registry"
          ]
        }
      ]
    },
    {
      "module": "module.gateway-microservice",
      "mode": "managed",
      "type": "null_resource",
      "name": "docker_login",
      "provider": "provider[\"registry.terraform.io/hashicorp/null\"]",
      "instances": [
        {
          "schema_version": 0,
          "attributes": {
            "id": "3806141569620857431",
            "triggers": {
              "always_run": "2022-07-24T17:24:33Z"
            }
          },
          "sensitive_attributes": [],
          "private": "bnVsbA==",
          "dependencies": [
            "azurerm_container_registry.container_registry",
            "module.gateway-microservice.null_resource.docker_build"
          ]
        }
      ]
    },
    {
      "module": "module.gateway-microservice",
      "mode": "managed",
      "type": "null_resource",
      "name": "docker_push",
      "provider": "provider[\"registry.terraform.io/hashicorp/null\"]",
      "instances": [
        {
          "schema_version": 0,
          "attributes": {
            "id": "5504323519907258049",
            "triggers": {
              "always_run": "2022-07-24T17:24:36Z"
            }
          },
          "sensitive_attributes": [],
          "private": "bnVsbA==",
          "dependencies": [
            "azurerm_container_registry.container_registry",
            "module.gateway-microservice.null_resource.docker_build",
            "module.gateway-microservice.null_resource.docker_login"
          ]
        }
      ]
    },
    {
      "module": "module.history-microservice",
      "mode": "managed",
      "type": "kubernetes_deployment",
      "name": "service_deployment",
      "provider": "provider[\"registry.terraform.io/hashicorp/kubernetes\"]",
      "instances": [
        {
          "schema_version": 0,
          "attributes": {
            "id": "default/history",
            "metadata": [
              {
                "annotations": {},
                "generate_name": "",
                "generation": 2,
                "labels": {
                  "pod": "history"
                },
                "name": "history",
                "namespace": "default",
                "resource_version": "923794",
                "self_link": "",
                "uid": "fcb086a6-675c-4524-9dc3-1b899747a059"
              }
            ],
            "spec": [
              {
                "min_ready_seconds": 0,
                "paused": false,
                "progress_deadline_seconds": 600,
                "replicas": 1,
                "revision_history_limit": 10,
                "selector": [
                  {
                    "match_expressions": [],
                    "match_labels": {
                      "pod": "history"
                    }
                  }
                ],
                "strategy": [
                  {
                    "rolling_update": [
                      {
                        "max_surge": "25%",
                        "max_unavailable": "25%"
                      }
                    ],
                    "type": "RollingUpdate"
                  }
                ],
                "template": [
                  {
                    "metadata": [
                      {
                        "annotations": {},
                        "generate_name": "",
                        "generation": 0,
                        "labels": {
                          "pod": "history"
                        },
                        "name": "",
                        "namespace": "",
                        "resource_version": "",
                        "self_link": "",
                        "uid": ""
                      }
                    ],
                    "spec": [
                      {
                        "active_deadline_seconds": 0,
                        "affinity": [],
                        "automount_service_account_token": false,
                        "container": [
                          {
                            "args": [],
                            "command": [],
                            "env": [
                              {
                                "name": "PORT",
                                "value": "80",
                                "value_from": []
                              },
                              {
                                "name": "DBHOST",
                                "value": "mongodb://seotube-mongo:0PEWRLvlOPvHQw9iQUvX9pzKE5TLq8wawnWbABq4aA7qs2QIkapIHZUdIaBmCuFBGnbbFLc0OeipobSxPh3ISQ==@seotube-mongo.mongo.cosmos.azure.com:10255/?ssl=true\u0026retrywrites=false\u0026maxIdleTimeMS=120000\u0026appName=@seotube-mongo@",
                                "value_from": []
                              },
                              {
                                "name": "DBNAME",
                                "value": "history",
                                "value_from": []
                              },
                              {
                                "name": "RABBIT",
                                "value": "amqp://guest:guest@rabbit:5672",
                                "value_from": []
                              }
                            ],
                            "env_from": [],
                            "image": "seotube.azurecr.io/history:1",
                            "image_pull_policy": "IfNotPresent",
                            "lifecycle": [],
                            "liveness_probe": [],
                            "name": "history",
                            "port": [],
                            "readiness_probe": [],
                            "resources": [
                              {
                                "limits": [],
                                "requests": []
                              }
                            ],
                            "security_context": [],
                            "stdin": false,
                            "stdin_once": false,
                            "termination_message_path": "/dev/termination-log",
                            "tty": false,
                            "volume_mount": [],
                            "working_dir": ""
                          }
                        ],
                        "dns_config": [],
                        "dns_policy": "ClusterFirst",
                        "host_aliases": [],
                        "host_ipc": false,
                        "host_network": false,
                        "host_pid": false,
                        "hostname": "",
                        "image_pull_secrets": [
                          {
                            "name": "history-docker-credentials"
                          }
                        ],
                        "init_container": [],
                        "node_name": "",
                        "node_selector": {},
                        "priority_class_name": "",
                        "restart_policy": "Always",
                        "security_context": [],
                        "service_account_name": "",
                        "share_process_namespace": false,
                        "subdomain": "",
                        "termination_grace_period_seconds": 30,
                        "toleration": [],
                        "volume": []
                      }
                    ]
                  }
                ]
              }
            ],
            "timeouts": null
          },
          "sensitive_attributes": [],
          "private": "eyJlMmJmYjczMC1lY2FhLTExZTYtOGY4OC0zNDM2M2JjN2M0YzAiOnsiY3JlYXRlIjo2MDAwMDAwMDAwMDAsImRlbGV0ZSI6NjAwMDAwMDAwMDAwLCJ1cGRhdGUiOjYwMDAwMDAwMDAwMH19",
          "dependencies": [
            "azurerm_container_registry.container_registry",
            "azurerm_kubernetes_cluster.cluster",
            "azurerm_resource_group.seotube",
            "module.history-microservice.kubernetes_secret.docker_credentials",
            "module.history-microservice.null_resource.docker_build",
            "module.history-microservice.null_resource.docker_login",
            "module.history-microservice.null_resource.docker_push",
            "tls_private_key.key"
          ]
        }
      ]
    },
    {
      "module": "module.history-microservice",
      "mode": "managed",
      "type": "kubernetes_secret",
      "name": "docker_credentials",
      "provider": "provider[\"registry.terraform.io/hashicorp/kubernetes\"]",
      "instances": [
        {
          "schema_version": 0,
          "attributes": {
            "data": {
              ".dockerconfigjson": "{\"auths\":{\"seotube.azurecr.io\":{\"auth\":\"c2VvdHViZTo5dWJ6TVNHcUZHQjE9T0lCS0ZFN2tTS2E1R2tsSDI3cw==\"}}}"
            },
            "id": "default/history-docker-credentials",
            "metadata": [
              {
                "annotations": {},
                "generate_name": "",
                "generation": 0,
                "labels": {},
                "name": "history-docker-credentials",
                "namespace": "default",
                "resource_version": "883632",
                "self_link": "",
                "uid": "d32ebdc5-8e2a-4ecc-9e6c-c2dc3c0b1441"
              }
            ],
            "type": "kubernetes.io/dockerconfigjson"
          },
          "sensitive_attributes": [
            [
              {
                "type": "get_attr",
                "value": "data"
              },
              {
                "type": "index",
                "value": {
                  "value": ".dockerconfigjson",
                  "type": "string"
                }
              }
            ]
          ],
          "private": "bnVsbA==",
          "dependencies": [
            "azurerm_container_registry.container_registry",
            "azurerm_kubernetes_cluster.cluster",
            "azurerm_resource_group.seotube",
            "tls_private_key.key"
          ]
        }
      ]
    },
    {
      "module": "module.history-microservice",
      "mode": "managed",
      "type": "kubernetes_service",
      "name": "service",
      "provider": "provider[\"registry.terraform.io/hashicorp/kubernetes\"]",
      "instances": [
        {
          "schema_version": 0,
          "attributes": {
            "id": "default/history",
            "load_balancer_ingress": [],
            "metadata": [
              {
                "annotations": {},
                "generate_name": "",
                "generation": 0,
                "labels": {},
                "name": "history",
                "namespace": "default",
                "resource_version": "884071",
                "self_link": "",
                "uid": "d50151ee-91db-40b8-8fac-370e5e806c3a"
              }
            ],
            "spec": [
              {
                "cluster_ip": "10.0.99.240",
                "external_ips": [],
                "external_name": "",
                "external_traffic_policy": "",
                "load_balancer_ip": "",
                "load_balancer_source_ranges": [],
                "port": [
                  {
                    "name": "",
                    "node_port": 0,
                    "port": 80,
                    "protocol": "TCP",
                    "target_port": "80"
                  }
                ],
                "publish_not_ready_addresses": false,
                "selector": {
                  "pod": "history"
                },
                "session_affinity": "None",
                "type": "ClusterIP"
              }
            ],
            "timeouts": null
          },
          "sensitive_attributes": [],
          "private": "eyJlMmJmYjczMC1lY2FhLTExZTYtOGY4OC0zNDM2M2JjN2M0YzAiOnsiY3JlYXRlIjo2MDAwMDAwMDAwMDB9fQ==",
          "dependencies": [
            "azurerm_kubernetes_cluster.cluster",
            "module.history-microservice.kubernetes_deployment.service_deployment"
          ]
        }
      ]
    },
    {
      "module": "module.history-microservice",
      "mode": "managed",
      "type": "null_resource",
      "name": "docker_build",
      "provider": "provider[\"registry.terraform.io/hashicorp/null\"]",
      "instances": [
        {
          "schema_version": 0,
          "attributes": {
            "id": "1006897271246426783",
            "triggers": {
              "always_run": "2022-07-24T17:24:07Z"
            }
          },
          "sensitive_attributes": [],
          "private": "bnVsbA==",
          "dependencies": [
            "azurerm_container_registry.container_registry"
          ]
        }
      ]
    },
    {
      "module": "module.history-microservice",
      "mode": "managed",
      "type": "null_resource",
      "name": "docker_login",
      "provider": "provider[\"registry.terraform.io/hashicorp/null\"]",
      "instances": [
        {
          "schema_version": 0,
          "attributes": {
            "id": "8811574341349383279",
            "triggers": {
              "always_run": "2022-07-24T17:24:44Z"
            }
          },
          "sensitive_attributes": [],
          "private": "bnVsbA==",
          "dependencies": [
            "azurerm_container_registry.container_registry",
            "module.history-microservice.null_resource.docker_build"
          ]
        }
      ]
    },
    {
      "module": "module.history-microservice",
      "mode": "managed",
      "type": "null_resource",
      "name": "docker_push",
      "provider": "provider[\"registry.terraform.io/hashicorp/null\"]",
      "instances": [
        {
          "schema_version": 0,
          "attributes": {
            "id": "8246068622203216725",
            "triggers": {
              "always_run": "2022-07-24T17:24:46Z"
            }
          },
          "sensitive_attributes": [],
          "private": "bnVsbA==",
          "dependencies": [
            "azurerm_container_registry.container_registry",
            "module.history-microservice.null_resource.docker_build",
            "module.history-microservice.null_resource.docker_login"
          ]
        }
      ]
    },
    {
      "module": "module.metadata-microservice",
      "mode": "managed",
      "type": "kubernetes_deployment",
      "name": "service_deployment",
      "provider": "provider[\"registry.terraform.io/hashicorp/kubernetes\"]",
      "instances": [
        {
          "schema_version": 0,
          "attributes": {
            "id": "default/metadata",
            "metadata": [
              {
                "annotations": {},
                "generate_name": "",
                "generation": 2,
                "labels": {
                  "pod": "metadata"
                },
                "name": "metadata",
                "namespace": "default",
                "resource_version": "923734",
                "self_link": "",
                "uid": "dd608a6e-f413-4e30-a7e8-bdb5d988b0b6"
              }
            ],
            "spec": [
              {
                "min_ready_seconds": 0,
                "paused": false,
                "progress_deadline_seconds": 600,
                "replicas": 1,
                "revision_history_limit": 10,
                "selector": [
                  {
                    "match_expressions": [],
                    "match_labels": {
                      "pod": "metadata"
                    }
                  }
                ],
                "strategy": [
                  {
                    "rolling_update": [
                      {
                        "max_surge": "25%",
                        "max_unavailable": "25%"
                      }
                    ],
                    "type": "RollingUpdate"
                  }
                ],
                "template": [
                  {
                    "metadata": [
                      {
                        "annotations": {},
                        "generate_name": "",
                        "generation": 0,
                        "labels": {
                          "pod": "metadata"
                        },
                        "name": "",
                        "namespace": "",
                        "resource_version": "",
                        "self_link": "",
                        "uid": ""
                      }
                    ],
                    "spec": [
                      {
                        "active_deadline_seconds": 0,
                        "affinity": [],
                        "automount_service_account_token": false,
                        "container": [
                          {
                            "args": [],
                            "command": [],
                            "env": [
                              {
                                "name": "PORT",
                                "value": "80",
                                "value_from": []
                              },
                              {
                                "name": "DBHOST",
                                "value": "mongodb://seotube-mongo:0PEWRLvlOPvHQw9iQUvX9pzKE5TLq8wawnWbABq4aA7qs2QIkapIHZUdIaBmCuFBGnbbFLc0OeipobSxPh3ISQ==@seotube-mongo.mongo.cosmos.azure.com:10255/?ssl=true\u0026retrywrites=false\u0026maxIdleTimeMS=120000\u0026appName=@seotube-mongo@",
                                "value_from": []
                              },
                              {
                                "name": "DBNAME",
                                "value": "metadata",
                                "value_from": []
                              },
                              {
                                "name": "RABBIT",
                                "value": "amqp://guest:guest@rabbit:5672",
                                "value_from": []
                              }
                            ],
                            "env_from": [],
                            "image": "seotube.azurecr.io/metadata:1",
                            "image_pull_policy": "IfNotPresent",
                            "lifecycle": [],
                            "liveness_probe": [],
                            "name": "metadata",
                            "port": [],
                            "readiness_probe": [],
                            "resources": [
                              {
                                "limits": [],
                                "requests": []
                              }
                            ],
                            "security_context": [],
                            "stdin": false,
                            "stdin_once": false,
                            "termination_message_path": "/dev/termination-log",
                            "tty": false,
                            "volume_mount": [],
                            "working_dir": ""
                          }
                        ],
                        "dns_config": [],
                        "dns_policy": "ClusterFirst",
                        "host_aliases": [],
                        "host_ipc": false,
                        "host_network": false,
                        "host_pid": false,
                        "hostname": "",
                        "image_pull_secrets": [
                          {
                            "name": "metadata-docker-credentials"
                          }
                        ],
                        "init_container": [],
                        "node_name": "",
                        "node_selector": {},
                        "priority_class_name": "",
                        "restart_policy": "Always",
                        "security_context": [],
                        "service_account_name": "",
                        "share_process_namespace": false,
                        "subdomain": "",
                        "termination_grace_period_seconds": 30,
                        "toleration": [],
                        "volume": []
                      }
                    ]
                  }
                ]
              }
            ],
            "timeouts": null
          },
          "sensitive_attributes": [],
          "private": "eyJlMmJmYjczMC1lY2FhLTExZTYtOGY4OC0zNDM2M2JjN2M0YzAiOnsiY3JlYXRlIjo2MDAwMDAwMDAwMDAsImRlbGV0ZSI6NjAwMDAwMDAwMDAwLCJ1cGRhdGUiOjYwMDAwMDAwMDAwMH19",
          "dependencies": [
            "azurerm_container_registry.container_registry",
            "azurerm_kubernetes_cluster.cluster",
            "azurerm_resource_group.seotube",
            "module.metadata-microservice.kubernetes_secret.docker_credentials",
            "module.metadata-microservice.null_resource.docker_build",
            "module.metadata-microservice.null_resource.docker_login",
            "module.metadata-microservice.null_resource.docker_push",
            "tls_private_key.key"
          ]
        }
      ]
    },
    {
      "module": "module.metadata-microservice",
      "mode": "managed",
      "type": "kubernetes_secret",
      "name": "docker_credentials",
      "provider": "provider[\"registry.terraform.io/hashicorp/kubernetes\"]",
      "instances": [
        {
          "schema_version": 0,
          "attributes": {
            "data": {
              ".dockerconfigjson": "{\"auths\":{\"seotube.azurecr.io\":{\"auth\":\"c2VvdHViZTo5dWJ6TVNHcUZHQjE9T0lCS0ZFN2tTS2E1R2tsSDI3cw==\"}}}"
            },
            "id": "default/metadata-docker-credentials",
            "metadata": [
              {
                "annotations": {},
                "generate_name": "",
                "generation": 0,
                "labels": {},
                "name": "metadata-docker-credentials",
                "namespace": "default",
                "resource_version": "883631",
                "self_link": "",
                "uid": "65cae8e0-fadd-4c9c-996e-470c4990688f"
              }
            ],
            "type": "kubernetes.io/dockerconfigjson"
          },
          "sensitive_attributes": [
            [
              {
                "type": "get_attr",
                "value": "data"
              },
              {
                "type": "index",
                "value": {
                  "value": ".dockerconfigjson",
                  "type": "string"
                }
              }
            ]
          ],
          "private": "bnVsbA==",
          "dependencies": [
            "azurerm_container_registry.container_registry",
            "azurerm_kubernetes_cluster.cluster",
            "azurerm_resource_group.seotube",
            "tls_private_key.key"
          ]
        }
      ]
    },
    {
      "module": "module.metadata-microservice",
      "mode": "managed",
      "type": "kubernetes_service",
      "name": "service",
      "provider": "provider[\"registry.terraform.io/hashicorp/kubernetes\"]",
      "instances": [
        {
          "schema_version": 0,
          "attributes": {
            "id": "default/metadata",
            "load_balancer_ingress": [],
            "metadata": [
              {
                "annotations": {},
                "generate_name": "",
                "generation": 0,
                "labels": {},
                "name": "metadata",
                "namespace": "default",
                "resource_version": "883976",
                "self_link": "",
                "uid": "1cf2cd23-028a-4e3f-9c8e-cc930392542c"
              }
            ],
            "spec": [
              {
                "cluster_ip": "10.0.92.194",
                "external_ips": [],
                "external_name": "",
                "external_traffic_policy": "",
                "load_balancer_ip": "",
                "load_balancer_source_ranges": [],
                "port": [
                  {
                    "name": "",
                    "node_port": 0,
                    "port": 80,
                    "protocol": "TCP",
                    "target_port": "80"
                  }
                ],
                "publish_not_ready_addresses": false,
                "selector": {
                  "pod": "metadata"
                },
                "session_affinity": "None",
                "type": "ClusterIP"
              }
            ],
            "timeouts": null
          },
          "sensitive_attributes": [],
          "private": "eyJlMmJmYjczMC1lY2FhLTExZTYtOGY4OC0zNDM2M2JjN2M0YzAiOnsiY3JlYXRlIjo2MDAwMDAwMDAwMDB9fQ==",
          "dependencies": [
            "azurerm_kubernetes_cluster.cluster",
            "module.metadata-microservice.kubernetes_deployment.service_deployment"
          ]
        }
      ]
    },
    {
      "module": "module.metadata-microservice",
      "mode": "managed",
      "type": "null_resource",
      "name": "docker_build",
      "provider": "provider[\"registry.terraform.io/hashicorp/null\"]",
      "instances": [
        {
          "schema_version": 0,
          "attributes": {
            "id": "7811033499746479402",
            "triggers": {
              "always_run": "2022-07-24T17:24:07Z"
            }
          },
          "sensitive_attributes": [],
          "private": "bnVsbA==",
          "dependencies": [
            "azurerm_container_registry.container_registry"
          ]
        }
      ]
    },
    {
      "module": "module.metadata-microservice",
      "mode": "managed",
      "type": "null_resource",
      "name": "docker_login",
      "provider": "provider[\"registry.terraform.io/hashicorp/null\"]",
      "instances": [
        {
          "schema_version": 0,
          "attributes": {
            "id": "4838874176194946338",
            "triggers": {
              "always_run": "2022-07-24T17:24:43Z"
            }
          },
          "sensitive_attributes": [],
          "private": "bnVsbA==",
          "dependencies": [
            "azurerm_container_registry.container_registry",
            "module.metadata-microservice.null_resource.docker_build"
          ]
        }
      ]
    },
    {
      "module": "module.metadata-microservice",
      "mode": "managed",
      "type": "null_resource",
      "name": "docker_push",
      "provider": "provider[\"registry.terraform.io/hashicorp/null\"]",
      "instances": [
        {
          "schema_version": 0,
          "attributes": {
            "id": "3903925856088453274",
            "triggers": {
              "always_run": "2022-07-24T17:24:45Z"
            }
          },
          "sensitive_attributes": [],
          "private": "bnVsbA==",
          "dependencies": [
            "azurerm_container_registry.container_registry",
            "module.metadata-microservice.null_resource.docker_build",
            "module.metadata-microservice.null_resource.docker_login"
          ]
        }
      ]
    },
    {
      "module": "module.video-streaming-microservice",
      "mode": "managed",
      "type": "kubernetes_deployment",
      "name": "service_deployment",
      "provider": "provider[\"registry.terraform.io/hashicorp/kubernetes\"]",
      "instances": [
        {
          "schema_version": 0,
          "attributes": {
            "id": "default/video-streaming",
            "metadata": [
              {
                "annotations": {},
                "generate_name": "",
                "generation": 1,
                "labels": {
                  "pod": "video-streaming"
                },
                "name": "video-streaming",
                "namespace": "default",
                "resource_version": "883963",
                "self_link": "",
                "uid": "b5b115ff-8745-4ef5-a486-f57c0a689f4e"
              }
            ],
            "spec": [
              {
                "min_ready_seconds": 0,
                "paused": false,
                "progress_deadline_seconds": 600,
                "replicas": 1,
                "revision_history_limit": 10,
                "selector": [
                  {
                    "match_expressions": [],
                    "match_labels": {
                      "pod": "video-streaming"
                    }
                  }
                ],
                "strategy": [
                  {
                    "rolling_update": [
                      {
                        "max_surge": "25%",
                        "max_unavailable": "25%"
                      }
                    ],
                    "type": "RollingUpdate"
                  }
                ],
                "template": [
                  {
                    "metadata": [
                      {
                        "annotations": {},
                        "generate_name": "",
                        "generation": 0,
                        "labels": {
                          "pod": "video-streaming"
                        },
                        "name": "",
                        "namespace": "",
                        "resource_version": "",
                        "self_link": "",
                        "uid": ""
                      }
                    ],
                    "spec": [
                      {
                        "active_deadline_seconds": 0,
                        "affinity": [],
                        "automount_service_account_token": false,
                        "container": [
                          {
                            "args": [],
                            "command": [],
                            "env": [
                              {
                                "name": "PORT",
                                "value": "80",
                                "value_from": []
                              },
                              {
                                "name": "RABBIT",
                                "value": "amqp://guest:guest@rabbit:5672",
                                "value_from": []
                              }
                            ],
                            "env_from": [],
                            "image": "seotube.azurecr.io/video-streaming:1",
                            "image_pull_policy": "IfNotPresent",
                            "lifecycle": [],
                            "liveness_probe": [],
                            "name": "video-streaming",
                            "port": [],
                            "readiness_probe": [],
                            "resources": [
                              {
                                "limits": [],
                                "requests": []
                              }
                            ],
                            "security_context": [],
                            "stdin": false,
                            "stdin_once": false,
                            "termination_message_path": "/dev/termination-log",
                            "tty": false,
                            "volume_mount": [],
                            "working_dir": ""
                          }
                        ],
                        "dns_config": [],
                        "dns_policy": "ClusterFirst",
                        "host_aliases": [],
                        "host_ipc": false,
                        "host_network": false,
                        "host_pid": false,
                        "hostname": "",
                        "image_pull_secrets": [
                          {
                            "name": "video-streaming-docker-credentials"
                          }
                        ],
                        "init_container": [],
                        "node_name": "",
                        "node_selector": {},
                        "priority_class_name": "",
                        "restart_policy": "Always",
                        "security_context": [],
                        "service_account_name": "",
                        "share_process_namespace": false,
                        "subdomain": "",
                        "termination_grace_period_seconds": 30,
                        "toleration": [],
                        "volume": []
                      }
                    ]
                  }
                ]
              }
            ],
            "timeouts": null
          },
          "sensitive_attributes": [],
          "private": "eyJlMmJmYjczMC1lY2FhLTExZTYtOGY4OC0zNDM2M2JjN2M0YzAiOnsiY3JlYXRlIjo2MDAwMDAwMDAwMDAsImRlbGV0ZSI6NjAwMDAwMDAwMDAwLCJ1cGRhdGUiOjYwMDAwMDAwMDAwMH19",
          "dependencies": [
            "azurerm_container_registry.container_registry",
            "azurerm_kubernetes_cluster.cluster",
            "azurerm_resource_group.seotube",
            "module.video-streaming-microservice.kubernetes_secret.docker_credentials",
            "module.video-streaming-microservice.null_resource.docker_build",
            "module.video-streaming-microservice.null_resource.docker_login",
            "module.video-streaming-microservice.null_resource.docker_push",
            "tls_private_key.key"
          ]
        }
      ]
    },
    {
      "module": "module.video-streaming-microservice",
      "mode": "managed",
      "type": "kubernetes_secret",
      "name": "docker_credentials",
      "provider": "provider[\"registry.terraform.io/hashicorp/kubernetes\"]",
      "instances": [
        {
          "schema_version": 0,
          "attributes": {
            "data": {
              ".dockerconfigjson": "{\"auths\":{\"seotube.azurecr.io\":{\"auth\":\"c2VvdHViZTo5dWJ6TVNHcUZHQjE9T0lCS0ZFN2tTS2E1R2tsSDI3cw==\"}}}"
            },
            "id": "default/video-streaming-docker-credentials",
            "metadata": [
              {
                "annotations": {},
                "generate_name": "",
                "generation": 0,
                "labels": {},
                "name": "video-streaming-docker-credentials",
                "namespace": "default",
                "resource_version": "883630",
                "self_link": "",
                "uid": "a4059f3a-168d-4ac6-b7e2-22403cb0aa6e"
              }
            ],
            "type": "kubernetes.io/dockerconfigjson"
          },
          "sensitive_attributes": [
            [
              {
                "type": "get_attr",
                "value": "data"
              },
              {
                "type": "index",
                "value": {
                  "value": ".dockerconfigjson",
                  "type": "string"
                }
              }
            ]
          ],
          "private": "bnVsbA==",
          "dependencies": [
            "azurerm_container_registry.container_registry",
            "azurerm_kubernetes_cluster.cluster",
            "azurerm_resource_group.seotube",
            "tls_private_key.key"
          ]
        }
      ]
    },
    {
      "module": "module.video-streaming-microservice",
      "mode": "managed",
      "type": "kubernetes_service",
      "name": "service",
      "provider": "provider[\"registry.terraform.io/hashicorp/kubernetes\"]",
      "instances": [
        {
          "schema_version": 0,
          "attributes": {
            "id": "default/video-streaming",
            "load_balancer_ingress": [],
            "metadata": [
              {
                "annotations": {},
                "generate_name": "",
                "generation": 0,
                "labels": {},
                "name": "video-streaming",
                "namespace": "default",
                "resource_version": "883967",
                "self_link": "",
                "uid": "b9a5ddb0-0538-4a44-b586-fc99b9866038"
              }
            ],
            "spec": [
              {
                "cluster_ip": "10.0.96.116",
                "external_ips": [],
                "external_name": "",
                "external_traffic_policy": "",
                "load_balancer_ip": "",
                "load_balancer_source_ranges": [],
                "port": [
                  {
                    "name": "",
                    "node_port": 0,
                    "port": 80,
                    "protocol": "TCP",
                    "target_port": "80"
                  }
                ],
                "publish_not_ready_addresses": false,
                "selector": {
                  "pod": "video-streaming"
                },
                "session_affinity": "None",
                "type": "ClusterIP"
              }
            ],
            "timeouts": null
          },
          "sensitive_attributes": [],
          "private": "eyJlMmJmYjczMC1lY2FhLTExZTYtOGY4OC0zNDM2M2JjN2M0YzAiOnsiY3JlYXRlIjo2MDAwMDAwMDAwMDB9fQ==",
          "dependencies": [
            "azurerm_kubernetes_cluster.cluster",
            "module.video-streaming-microservice.kubernetes_deployment.service_deployment"
          ]
        }
      ]
    },
    {
      "module": "module.video-streaming-microservice",
      "mode": "managed",
      "type": "null_resource",
      "name": "docker_build",
      "provider": "provider[\"registry.terraform.io/hashicorp/null\"]",
      "instances": [
        {
          "schema_version": 0,
          "attributes": {
            "id": "44058029273463173",
            "triggers": {
              "always_run": "2022-07-24T17:24:07Z"
            }
          },
          "sensitive_attributes": [],
          "private": "bnVsbA==",
          "dependencies": [
            "azurerm_container_registry.container_registry"
          ]
        }
      ]
    },
    {
      "module": "module.video-streaming-microservice",
      "mode": "managed",
      "type": "null_resource",
      "name": "docker_login",
      "provider": "provider[\"registry.terraform.io/hashicorp/null\"]",
      "instances": [
        {
          "schema_version": 0,
          "attributes": {
            "id": "1799547694110899364",
            "triggers": {
              "always_run": "2022-07-24T17:24:37Z"
            }
          },
          "sensitive_attributes": [],
          "private": "bnVsbA==",
          "dependencies": [
            "azurerm_container_registry.container_registry",
            "module.video-streaming-microservice.null_resource.docker_build"
          ]
        }
      ]
    },
    {
      "module": "module.video-streaming-microservice",
      "mode": "managed",
      "type": "null_resource",
      "name": "docker_push",
      "provider": "provider[\"registry.terraform.io/hashicorp/null\"]",
      "instances": [
        {
          "schema_version": 0,
          "attributes": {
            "id": "7100839712739036704",
            "triggers": {
              "always_run": "2022-07-24T17:24:39Z"
            }
          },
          "sensitive_attributes": [],
          "private": "bnVsbA==",
          "dependencies": [
            "azurerm_container_registry.container_registry",
            "module.video-streaming-microservice.null_resource.docker_build",
            "module.video-streaming-microservice.null_resource.docker_login"
          ]
        }
      ]
    },
    {
      "module": "module.video-upload-microservice",
      "mode": "managed",
      "type": "kubernetes_deployment",
      "name": "service_deployment",
      "provider": "provider[\"registry.terraform.io/hashicorp/kubernetes\"]",
      "instances": [
        {
          "schema_version": 0,
          "attributes": {
            "id": "default/video-upload",
            "metadata": [
              {
                "annotations": {},
                "generate_name": "",
                "generation": 1,
                "labels": {
                  "pod": "video-upload"
                },
                "name": "video-upload",
                "namespace": "default",
                "resource_version": "883924",
                "self_link": "",
                "uid": "6eca51d1-d27a-40a6-a3c9-bf51840e063e"
              }
            ],
            "spec": [
              {
                "min_ready_seconds": 0,
                "paused": false,
                "progress_deadline_seconds": 600,
                "replicas": 1,
                "revision_history_limit": 10,
                "selector": [
                  {
                    "match_expressions": [],
                    "match_labels": {
                      "pod": "video-upload"
                    }
                  }
                ],
                "strategy": [
                  {
                    "rolling_update": [
                      {
                        "max_surge": "25%",
                        "max_unavailable": "25%"
                      }
                    ],
                    "type": "RollingUpdate"
                  }
                ],
                "template": [
                  {
                    "metadata": [
                      {
                        "annotations": {},
                        "generate_name": "",
                        "generation": 0,
                        "labels": {
                          "pod": "video-upload"
                        },
                        "name": "",
                        "namespace": "",
                        "resource_version": "",
                        "self_link": "",
                        "uid": ""
                      }
                    ],
                    "spec": [
                      {
                        "active_deadline_seconds": 0,
                        "affinity": [],
                        "automount_service_account_token": false,
                        "container": [
                          {
                            "args": [],
                            "command": [],
                            "env": [
                              {
                                "name": "PORT",
                                "value": "80",
                                "value_from": []
                              },
                              {
                                "name": "RABBIT",
                                "value": "amqp://guest:guest@rabbit:5672",
                                "value_from": []
                              }
                            ],
                            "env_from": [],
                            "image": "seotube.azurecr.io/video-upload:1",
                            "image_pull_policy": "IfNotPresent",
                            "lifecycle": [],
                            "liveness_probe": [],
                            "name": "video-upload",
                            "port": [],
                            "readiness_probe": [],
                            "resources": [
                              {
                                "limits": [],
                                "requests": []
                              }
                            ],
                            "security_context": [],
                            "stdin": false,
                            "stdin_once": false,
                            "termination_message_path": "/dev/termination-log",
                            "tty": false,
                            "volume_mount": [],
                            "working_dir": ""
                          }
                        ],
                        "dns_config": [],
                        "dns_policy": "ClusterFirst",
                        "host_aliases": [],
                        "host_ipc": false,
                        "host_network": false,
                        "host_pid": false,
                        "hostname": "",
                        "image_pull_secrets": [
                          {
                            "name": "video-upload-docker-credentials"
                          }
                        ],
                        "init_container": [],
                        "node_name": "",
                        "node_selector": {},
                        "priority_class_name": "",
                        "restart_policy": "Always",
                        "security_context": [],
                        "service_account_name": "",
                        "share_process_namespace": false,
                        "subdomain": "",
                        "termination_grace_period_seconds": 30,
                        "toleration": [],
                        "volume": []
                      }
                    ]
                  }
                ]
              }
            ],
            "timeouts": null
          },
          "sensitive_attributes": [],
          "private": "eyJlMmJmYjczMC1lY2FhLTExZTYtOGY4OC0zNDM2M2JjN2M0YzAiOnsiY3JlYXRlIjo2MDAwMDAwMDAwMDAsImRlbGV0ZSI6NjAwMDAwMDAwMDAwLCJ1cGRhdGUiOjYwMDAwMDAwMDAwMH19",
          "dependencies": [
            "azurerm_container_registry.container_registry",
            "azurerm_kubernetes_cluster.cluster",
            "azurerm_resource_group.seotube",
            "module.video-upload-microservice.kubernetes_secret.docker_credentials",
            "module.video-upload-microservice.null_resource.docker_build",
            "module.video-upload-microservice.null_resource.docker_login",
            "module.video-upload-microservice.null_resource.docker_push",
            "tls_private_key.key"
          ]
        }
      ]
    },
    {
      "module": "module.video-upload-microservice",
      "mode": "managed",
      "type": "kubernetes_secret",
      "name": "docker_credentials",
      "provider": "provider[\"registry.terraform.io/hashicorp/kubernetes\"]",
      "instances": [
        {
          "schema_version": 0,
          "attributes": {
            "data": {
              ".dockerconfigjson": "{\"auths\":{\"seotube.azurecr.io\":{\"auth\":\"c2VvdHViZTo5dWJ6TVNHcUZHQjE9T0lCS0ZFN2tTS2E1R2tsSDI3cw==\"}}}"
            },
            "id": "default/video-upload-docker-credentials",
            "metadata": [
              {
                "annotations": {},
                "generate_name": "",
                "generation": 0,
                "labels": {},
                "name": "video-upload-docker-credentials",
                "namespace": "default",
                "resource_version": "883628",
                "self_link": "",
                "uid": "94c88dd0-52ef-4f79-ac88-3965a1518253"
              }
            ],
            "type": "kubernetes.io/dockerconfigjson"
          },
          "sensitive_attributes": [
            [
              {
                "type": "get_attr",
                "value": "data"
              },
              {
                "type": "index",
                "value": {
                  "value": ".dockerconfigjson",
                  "type": "string"
                }
              }
            ]
          ],
          "private": "bnVsbA==",
          "dependencies": [
            "azurerm_container_registry.container_registry",
            "azurerm_kubernetes_cluster.cluster",
            "azurerm_resource_group.seotube",
            "tls_private_key.key"
          ]
        }
      ]
    },
    {
      "module": "module.video-upload-microservice",
      "mode": "managed",
      "type": "kubernetes_service",
      "name": "service",
      "provider": "provider[\"registry.terraform.io/hashicorp/kubernetes\"]",
      "instances": [
        {
          "schema_version": 0,
          "attributes": {
            "id": "default/video-upload",
            "load_balancer_ingress": [],
            "metadata": [
              {
                "annotations": {},
                "generate_name": "",
                "generation": 0,
                "labels": {},
                "name": "video-upload",
                "namespace": "default",
                "resource_version": "883933",
                "self_link": "",
                "uid": "1b42be5a-1e78-4c13-9d50-918926dd2781"
              }
            ],
            "spec": [
              {
                "cluster_ip": "10.0.76.37",
                "external_ips": [],
                "external_name": "",
                "external_traffic_policy": "",
                "load_balancer_ip": "",
                "load_balancer_source_ranges": [],
                "port": [
                  {
                    "name": "",
                    "node_port": 0,
                    "port": 80,
                    "protocol": "TCP",
                    "target_port": "80"
                  }
                ],
                "publish_not_ready_addresses": false,
                "selector": {
                  "pod": "video-upload"
                },
                "session_affinity": "None",
                "type": "ClusterIP"
              }
            ],
            "timeouts": null
          },
          "sensitive_attributes": [],
          "private": "eyJlMmJmYjczMC1lY2FhLTExZTYtOGY4OC0zNDM2M2JjN2M0YzAiOnsiY3JlYXRlIjo2MDAwMDAwMDAwMDB9fQ==",
          "dependencies": [
            "azurerm_kubernetes_cluster.cluster",
            "module.video-upload-microservice.kubernetes_deployment.service_deployment"
          ]
        }
      ]
    },
    {
      "module": "module.video-upload-microservice",
      "mode": "managed",
      "type": "null_resource",
      "name": "docker_build",
      "provider": "provider[\"registry.terraform.io/hashicorp/null\"]",
      "instances": [
        {
          "schema_version": 0,
          "attributes": {
            "id": "176773183575662801",
            "triggers": {
              "always_run": "2022-07-24T17:24:07Z"
            }
          },
          "sensitive_attributes": [],
          "private": "bnVsbA==",
          "dependencies": [
            "azurerm_container_registry.container_registry"
          ]
        }
      ]
    },
    {
      "module": "module.video-upload-microservice",
      "mode": "managed",
      "type": "null_resource",
      "name": "docker_login",
      "provider": "provider[\"registry.terraform.io/hashicorp/null\"]",
      "instances": [
        {
          "schema_version": 0,
          "attributes": {
            "id": "6461919798238288109",
            "triggers": {
              "always_run": "2022-07-24T17:24:35Z"
            }
          },
          "sensitive_attributes": [],
          "private": "bnVsbA==",
          "dependencies": [
            "azurerm_container_registry.container_registry",
            "module.video-upload-microservice.null_resource.docker_build"
          ]
        }
      ]
    },
    {
      "module": "module.video-upload-microservice",
      "mode": "managed",
      "type": "null_resource",
      "name": "docker_push",
      "provider": "provider[\"registry.terraform.io/hashicorp/null\"]",
      "instances": [
        {
          "schema_version": 0,
          "attributes": {
            "id": "4960902421508236242",
            "triggers": {
              "always_run": "2022-07-24T17:24:37Z"
            }
          },
          "sensitive_attributes": [],
          "private": "bnVsbA==",
          "dependencies": [
            "azurerm_container_registry.container_registry",
            "module.video-upload-microservice.null_resource.docker_build",
            "module.video-upload-microservice.null_resource.docker_login"
          ]
        }
      ]
    }
  ]
}